PODS:
  - ISEmojiView (0.3.4)
  - Realm (10.5.2):
    - Realm/Headers (= 10.5.2)
  - Realm/Headers (10.5.2)
  - RealmSwift (10.5.2):
    - Realm (= 10.5.2)

DEPENDENCIES:
  - ISEmojiView (= 0.3.4)
  - RealmSwift (= 10.5.2)

SPEC REPOS:
  trunk:
    - ISEmojiView
    - Realm
    - RealmSwift

SPEC CHECKSUMS:
  ISEmojiView: 6055d6e5453056b88edc17ab3bb40f5664cbd2b8
  Realm: 2e1bc0d28301006176692da234deff51f867d5ae
  RealmSwift: a522ad39715e8b4e491af4460059bc32b84f5a9b

PODFILE CHECKSUM: 6b6fd6fe5bc1b431a02615216aa0ba0e53bead43

COCOAPODS: 1.14.3
