PODS:
  - ISEmojiView (0.2.6)
  - Realm (10.5.2):
    - Realm/Headers (= 10.5.2)
  - Realm/Headers (10.5.2)
  - RealmSwift (10.5.2):
    - Realm (= 10.5.2)

DEPENDENCIES:
  - ISEmojiView
  - RealmSwift (= 10.5.2)

SPEC REPOS:
  trunk:
    - ISEmojiView
    - Realm
    - RealmSwift

SPEC CHECKSUMS:
  ISEmojiView: f7cd94a6c93307f429ec5da001293d0b02247f03
  Realm: 2e1bc0d28301006176692da234deff51f867d5ae
  RealmSwift: a522ad39715e8b4e491af4460059bc32b84f5a9b

PODFILE CHECKSUM: f9e983e6bafeb3a40394759414ea5b45ab8381bf

COCOAPODS: 1.11.2
