// !$*UTF8*$!
{
	archiveVersion = 1;
	classes = {
	};
	objectVersion = 52;
	objects = {

/* Begin PBXBuildFile section */
		57520E3E4D945BA16284EE99 /* Pods_seep_ios.framework in Frameworks */ = {isa = PBXBuildFile; fileRef = C5371AC00B457032AB7ECA28 /* Pods_seep_ios.framework */; };
		6E07528326136D8800041E7B /* PageItemReactor.swift in Sources */ = {isa = PBXBuildFile; fileRef = 6E07528226136D8800041E7B /* PageItemReactor.swift */; };
		6E091572264F80AB0048EB79 /* ShareTypeButton.swift in Sources */ = {isa = PBXBuildFile; fileRef = 6E091571264F80AB0048EB79 /* ShareTypeButton.swift */; };
		6E091575264F87070048EB79 /* SharePhotoCell.swift in Sources */ = {isa = PBXBuildFile; fileRef = 6E091574264F87070048EB79 /* SharePhotoCell.swift */; };
		6E091577264F99A50048EB79 /* SharePhotoReactor.swift in Sources */ = {isa = PBXBuildFile; fileRef = 6E091576264F99A50048EB79 /* SharePhotoReactor.swift */; };
		6E091579264FA94E0048EB79 /* CommonError.swift in Sources */ = {isa = PBXBuildFile; fileRef = 6E091578264FA94E0048EB79 /* CommonError.swift */; };
		6E274E5525F20B31007DC880 /* AlertUtils.swift in Sources */ = {isa = PBXBuildFile; fileRef = 6E274E5425F20B31007DC880 /* AlertUtils.swift */; };
		6E274E5925F20D31007DC880 /* UserDefaultsUtils.swift in Sources */ = {isa = PBXBuildFile; fileRef = 6E274E5825F20D31007DC880 /* UserDefaultsUtils.swift */; };
		6E274E5D25F20D5A007DC880 /* RatioUtils.swift in Sources */ = {isa = PBXBuildFile; fileRef = 6E274E5C25F20D5A007DC880 /* RatioUtils.swift */; };
		6E274E6025F20D73007DC880 /* DateUtils.swift in Sources */ = {isa = PBXBuildFile; fileRef = 6E274E5F25F20D73007DC880 /* DateUtils.swift */; };
		6E274E6825F20E3F007DC880 /* Localization.strings in Resources */ = {isa = PBXBuildFile; fileRef = 6E274E6A25F20E3F007DC880 /* Localization.strings */; };
		6E274E6E25F20EA0007DC880 /* UIViewExtension.swift in Sources */ = {isa = PBXBuildFile; fileRef = 6E274E6D25F20EA0007DC880 /* UIViewExtension.swift */; };
		6E274E7125F20EB3007DC880 /* UIColorExtension.swift in Sources */ = {isa = PBXBuildFile; fileRef = 6E274E7025F20EB3007DC880 /* UIColorExtension.swift */; };
		6E274E7425F20EC6007DC880 /* StringExtension.swift in Sources */ = {isa = PBXBuildFile; fileRef = 6E274E7325F20EC6007DC880 /* StringExtension.swift */; };
		6E274E7725F20EE4007DC880 /* UIImageViewExtension.swift in Sources */ = {isa = PBXBuildFile; fileRef = 6E274E7625F20EE4007DC880 /* UIImageViewExtension.swift */; };
		6E274E7A25F20EF2007DC880 /* UILabelExtension.swift in Sources */ = {isa = PBXBuildFile; fileRef = 6E274E7925F20EF2007DC880 /* UILabelExtension.swift */; };
		6E274E7F25F20F58007DC880 /* BaseView.swift in Sources */ = {isa = PBXBuildFile; fileRef = 6E274E7E25F20F58007DC880 /* BaseView.swift */; };
		6E274E8325F20F8D007DC880 /* BaseVC.swift in Sources */ = {isa = PBXBuildFile; fileRef = 6E274E8225F20F8D007DC880 /* BaseVC.swift */; };
		6E274E8625F20FC0007DC880 /* BaseTableViewCell.swift in Sources */ = {isa = PBXBuildFile; fileRef = 6E274E8525F20FBF007DC880 /* BaseTableViewCell.swift */; };
		6E274E8925F20FE5007DC880 /* BaseCollectionViewCell.swift in Sources */ = {isa = PBXBuildFile; fileRef = 6E274E8825F20FE5007DC880 /* BaseCollectionViewCell.swift */; };
		6E274E8E25F21506007DC880 /* HomeView.swift in Sources */ = {isa = PBXBuildFile; fileRef = 6E274E8D25F21506007DC880 /* HomeView.swift */; };
		6E283AF925F2047900955B57 /* AppDelegate.swift in Sources */ = {isa = PBXBuildFile; fileRef = 6E283AF825F2047900955B57 /* AppDelegate.swift */; };
		6E283AFB25F2047900955B57 /* SceneDelegate.swift in Sources */ = {isa = PBXBuildFile; fileRef = 6E283AFA25F2047900955B57 /* SceneDelegate.swift */; };
		6E283AFD25F2047900955B57 /* HomeVC.swift in Sources */ = {isa = PBXBuildFile; fileRef = 6E283AFC25F2047900955B57 /* HomeVC.swift */; };
		6E283B0225F2047A00955B57 /* Assets.xcassets in Resources */ = {isa = PBXBuildFile; fileRef = 6E283B0125F2047A00955B57 /* Assets.xcassets */; };
		6E283B0525F2047A00955B57 /* LaunchScreen.storyboard in Resources */ = {isa = PBXBuildFile; fileRef = 6E283B0325F2047A00955B57 /* LaunchScreen.storyboard */; };
		6E357217261AF273003E18EA /* InputAccessoryView.swift in Sources */ = {isa = PBXBuildFile; fileRef = 6E357216261AF273003E18EA /* InputAccessoryView.swift */; };
		6E35721C261AF9F7003E18EA /* ToastView.swift in Sources */ = {isa = PBXBuildFile; fileRef = 6E35721B261AF9F7003E18EA /* ToastView.swift */; };
		6E36A488278AE4F000F6D3B5 /* WriteCoordinator.swift in Sources */ = {isa = PBXBuildFile; fileRef = 6E36A487278AE4F000F6D3B5 /* WriteCoordinator.swift */; };
		6E36A48A278AE59500F6D3B5 /* BaseCoordinator.swift in Sources */ = {isa = PBXBuildFile; fileRef = 6E36A489278AE59500F6D3B5 /* BaseCoordinator.swift */; };
		6E40F694279C18AC007D529E /* NotificationTimeInputField.swift in Sources */ = {isa = PBXBuildFile; fileRef = 6E40F693279C18AC007D529E /* NotificationTimeInputField.swift */; };
		6E40F696279C2025007D529E /* NotificationReactor.swift in Sources */ = {isa = PBXBuildFile; fileRef = 6E40F695279C2025007D529E /* NotificationReactor.swift */; };
		6E40F697279C2258007D529E /* StringExtension.swift in Sources */ = {isa = PBXBuildFile; fileRef = 6E274E7325F20EC6007DC880 /* StringExtension.swift */; };
		6E41F28125FB873500CE1530 /* TextInputView.swift in Sources */ = {isa = PBXBuildFile; fileRef = 6E41F28025FB873500CE1530 /* TextInputView.swift */; };
		6E41F28425FB916200CE1530 /* WriteReactor.swift in Sources */ = {isa = PBXBuildFile; fileRef = 6E41F28325FB916200CE1530 /* WriteReactor.swift */; };
		6E43A5BD2616C8B500FB1738 /* FinishedReactor.swift in Sources */ = {isa = PBXBuildFile; fileRef = 6E43A5BC2616C8B500FB1738 /* FinishedReactor.swift */; };
		6E43A5C12617192600FB1738 /* FinishedTableCell.swift in Sources */ = {isa = PBXBuildFile; fileRef = 6E43A5C02617192600FB1738 /* FinishedTableCell.swift */; };
		6E43A5C426171D3C00FB1738 /* FinishedCollectionView.swift in Sources */ = {isa = PBXBuildFile; fileRef = 6E43A5C326171D3C00FB1738 /* FinishedCollectionView.swift */; };
		6E441CA12604549F0010A625 /* Wish.swift in Sources */ = {isa = PBXBuildFile; fileRef = 6E441CA02604549F0010A625 /* Wish.swift */; };
		6E441CA526046F9D0010A625 /* WishServices.swift in Sources */ = {isa = PBXBuildFile; fileRef = 6E441CA426046F9D0010A625 /* WishServices.swift */; };
		6E4AD34C278AACCB00819C43 /* NotificationDTO.swift in Sources */ = {isa = PBXBuildFile; fileRef = 6E4AD34B278AACCB00819C43 /* NotificationDTO.swift */; };
		6E4AD34D278ABE1100819C43 /* NotificationDTO.swift in Sources */ = {isa = PBXBuildFile; fileRef = 6E4AD34B278AACCB00819C43 /* NotificationDTO.swift */; };
		6E4C32602789234200550BBB /* WriteNotificationTableViewCell.swift in Sources */ = {isa = PBXBuildFile; fileRef = 6E4C325F2789234200550BBB /* WriteNotificationTableViewCell.swift */; };
		6E4F5D8E2657DF580061A13C /* SplashView.swift in Sources */ = {isa = PBXBuildFile; fileRef = 6E4F5D8D2657DF580061A13C /* SplashView.swift */; };
		6E4F5D932657E0BA0061A13C /* SplashVC.swift in Sources */ = {isa = PBXBuildFile; fileRef = 6E4F5D922657E0BA0061A13C /* SplashVC.swift */; };
		6E5882562658BE730050F0E0 /* splash2.json in Resources */ = {isa = PBXBuildFile; fileRef = 6E5882532658BE730050F0E0 /* splash2.json */; };
		6E5882572658BE730050F0E0 /* splash3.json in Resources */ = {isa = PBXBuildFile; fileRef = 6E5882542658BE730050F0E0 /* splash3.json */; };
		6E5882582658BE730050F0E0 /* splash1.json in Resources */ = {isa = PBXBuildFile; fileRef = 6E5882552658BE730050F0E0 /* splash1.json */; };
		6E5BD775275CAFBE00DA14E6 /* EmptyView.swift in Sources */ = {isa = PBXBuildFile; fileRef = 6E5BD774275CAFBE00DA14E6 /* EmptyView.swift */; };
		6E5DECFE264263F70005487F /* TagLabel.swift in Sources */ = {isa = PBXBuildFile; fileRef = 6E5DECFD264263F70005487F /* TagLabel.swift */; };
		6E5DED002642D8FC0005487F /* CategoryView.swift in Sources */ = {isa = PBXBuildFile; fileRef = 6E5DECFF2642D8FC0005487F /* CategoryView.swift */; };
		6E600149260831F1000065C8 /* GoogleService-Info-Prod.plist in Resources */ = {isa = PBXBuildFile; fileRef = 6E600148260831F0000065C8 /* GoogleService-Info-Prod.plist */; };
		6E60018826084516000065C8 /* HomeWishCollectionCell.swift in Sources */ = {isa = PBXBuildFile; fileRef = 6E60018726084516000065C8 /* HomeWishCollectionCell.swift */; };
		6E6203562763878B006B8393 /* SnapKit in Frameworks */ = {isa = PBXBuildFile; productRef = 6E6203552763878B006B8393 /* SnapKit */; };
		6E62035927638846006B8393 /* Kingfisher in Frameworks */ = {isa = PBXBuildFile; productRef = 6E62035827638846006B8393 /* Kingfisher */; };
		6E62035C2763889D006B8393 /* Then in Frameworks */ = {isa = PBXBuildFile; productRef = 6E62035B2763889D006B8393 /* Then */; };
		6E62035F276388DE006B8393 /* SwiftyBeaver in Frameworks */ = {isa = PBXBuildFile; productRef = 6E62035E276388DE006B8393 /* SwiftyBeaver */; };
		6E62036227638996006B8393 /* Lottie in Frameworks */ = {isa = PBXBuildFile; productRef = 6E62036127638996006B8393 /* Lottie */; };
		6E62036527638DD5006B8393 /* FirebaseAnalytics in Frameworks */ = {isa = PBXBuildFile; productRef = 6E62036427638DD5006B8393 /* FirebaseAnalytics */; };
		6E62036727638DD5006B8393 /* FirebaseCrashlytics in Frameworks */ = {isa = PBXBuildFile; productRef = 6E62036627638DD5006B8393 /* FirebaseCrashlytics */; };
		6E62036927638DD5006B8393 /* FirebaseMessaging in Frameworks */ = {isa = PBXBuildFile; productRef = 6E62036827638DD5006B8393 /* FirebaseMessaging */; };
		6E66A26F25FB40BD00C0C051 /* Category.swift in Sources */ = {isa = PBXBuildFile; fileRef = 6E66A26E25FB40BD00C0C051 /* Category.swift */; };
		6E66A27225FB416700C0C051 /* ViewType.swift in Sources */ = {isa = PBXBuildFile; fileRef = 6E66A27125FB416700C0C051 /* ViewType.swift */; };
		6E66A27725FB45C500C0C051 /* WriteView.swift in Sources */ = {isa = PBXBuildFile; fileRef = 6E66A27625FB45C500C0C051 /* WriteView.swift */; };
		6E66A27A25FB489000C0C051 /* WriteViewController.swift in Sources */ = {isa = PBXBuildFile; fileRef = 6E66A27925FB489000C0C051 /* WriteViewController.swift */; };
		6E66A27D25FB587100C0C051 /* TextInputField.swift in Sources */ = {isa = PBXBuildFile; fileRef = 6E66A27C25FB587100C0C051 /* TextInputField.swift */; };
		6E69E619260D77200062CBFB /* WriteHashtagField.swift in Sources */ = {isa = PBXBuildFile; fileRef = 6E69E618260D77200062CBFB /* WriteHashtagField.swift */; };
		6E69E620260D991B0062CBFB /* DetailView.swift in Sources */ = {isa = PBXBuildFile; fileRef = 6E69E61F260D991B0062CBFB /* DetailView.swift */; };
		6E69E624260D9E630062CBFB /* DetailVC.swift in Sources */ = {isa = PBXBuildFile; fileRef = 6E69E623260D9E630062CBFB /* DetailVC.swift */; };
		6E69E62B260DB7640062CBFB /* EditButton.swift in Sources */ = {isa = PBXBuildFile; fileRef = 6E69E62A260DB7640062CBFB /* EditButton.swift */; };
		6E69E62E260DBACA0062CBFB /* DetailReactor.swift in Sources */ = {isa = PBXBuildFile; fileRef = 6E69E62D260DBACA0062CBFB /* DetailReactor.swift */; };
		6E69FD4826468BDC00F0AB60 /* DateExtensions.swift in Sources */ = {isa = PBXBuildFile; fileRef = 6E69FD4726468BDC00F0AB60 /* DateExtensions.swift */; };
		6E6CBE32274A0111005D7BFE /* SmallRemainEntryView.swift in Sources */ = {isa = PBXBuildFile; fileRef = 6E6CBE31274A0111005D7BFE /* SmallRemainEntryView.swift */; };
		6E6CBE34274A0B55005D7BFE /* SmallRemainProvider.swift in Sources */ = {isa = PBXBuildFile; fileRef = 6E6CBE33274A0B55005D7BFE /* SmallRemainProvider.swift */; };
		6E6CBE36274A0B86005D7BFE /* SmallRemainEntry.swift in Sources */ = {isa = PBXBuildFile; fileRef = 6E6CBE35274A0B86005D7BFE /* SmallRemainEntry.swift */; };
		6E6CBE38274A0B9B005D7BFE /* SmallRemainWidget.swift in Sources */ = {isa = PBXBuildFile; fileRef = 6E6CBE37274A0B9B005D7BFE /* SmallRemainWidget.swift */; };
		6E6CBE3B274A2B53005D7BFE /* Wish.swift in Sources */ = {isa = PBXBuildFile; fileRef = 6E441CA02604549F0010A625 /* Wish.swift */; };
		6E6CBE3C274A2B67005D7BFE /* Category.swift in Sources */ = {isa = PBXBuildFile; fileRef = 6E66A26E25FB40BD00C0C051 /* Category.swift */; };
		6E6D610327587B8C00A0BFD9 /* BundleExtensions.swift in Sources */ = {isa = PBXBuildFile; fileRef = 6E6D610227587B8C00A0BFD9 /* BundleExtensions.swift */; };
		6E6D610727587C8500A0BFD9 /* BundleExtensions.swift in Sources */ = {isa = PBXBuildFile; fileRef = 6E6D610527587C6800A0BFD9 /* BundleExtensions.swift */; };
		6E6D610927587F4300A0BFD9 /* GoogleService-Info-Dev.plist in Resources */ = {isa = PBXBuildFile; fileRef = 6E6D610827587F4300A0BFD9 /* GoogleService-Info-Dev.plist */; };
		6E7112D02781870600396CC0 /* ReactorKit in Frameworks */ = {isa = PBXBuildFile; productRef = 6E7112CF2781870600396CC0 /* ReactorKit */; };
		6E7206C8275B323D009C7AFC /* DdayView.swift in Sources */ = {isa = PBXBuildFile; fileRef = 6E7206C7275B323D009C7AFC /* DdayView.swift */; };
		6E7206CA275B3374009C7AFC /* ViewExtensions.swift in Sources */ = {isa = PBXBuildFile; fileRef = 6E7206C9275B3374009C7AFC /* ViewExtensions.swift */; };
		6E7206CB275B3696009C7AFC /* DateExtensions.swift in Sources */ = {isa = PBXBuildFile; fileRef = 6E69FD4726468BDC00F0AB60 /* DateExtensions.swift */; };
		6E7206CE275B4588009C7AFC /* MediumHorizontalProvider.swift in Sources */ = {isa = PBXBuildFile; fileRef = 6E7206CD275B4588009C7AFC /* MediumHorizontalProvider.swift */; };
		6E7206D0275B4791009C7AFC /* MediumHorizontalEntry.swift in Sources */ = {isa = PBXBuildFile; fileRef = 6E7206CF275B4791009C7AFC /* MediumHorizontalEntry.swift */; };
		6E7206D2275B47B0009C7AFC /* MediumHorizontalWidget.swift in Sources */ = {isa = PBXBuildFile; fileRef = 6E7206D1275B47B0009C7AFC /* MediumHorizontalWidget.swift */; };
		6E7206D4275B4801009C7AFC /* MediumHorizontalEntryView.swift in Sources */ = {isa = PBXBuildFile; fileRef = 6E7206D3275B4801009C7AFC /* MediumHorizontalEntryView.swift */; };
		6E7206D7275B48C6009C7AFC /* WishHorizontalItemView.swift in Sources */ = {isa = PBXBuildFile; fileRef = 6E7206D6275B48C6009C7AFC /* WishHorizontalItemView.swift */; };
		6E74E2082763834E00D872D5 /* RxCocoa in Frameworks */ = {isa = PBXBuildFile; productRef = 6E74E2072763834E00D872D5 /* RxCocoa */; };
		6E74E20A2763834E00D872D5 /* RxRelay in Frameworks */ = {isa = PBXBuildFile; productRef = 6E74E2092763834E00D872D5 /* RxRelay */; };
		6E74E20C2763834E00D872D5 /* RxSwift in Frameworks */ = {isa = PBXBuildFile; productRef = 6E74E20B2763834E00D872D5 /* RxSwift */; };
		6E74E20F2763844E00D872D5 /* Differentiator in Frameworks */ = {isa = PBXBuildFile; productRef = 6E74E20E2763844E00D872D5 /* Differentiator */; };
		6E74E2112763844E00D872D5 /* RxDataSources in Frameworks */ = {isa = PBXBuildFile; productRef = 6E74E2102763844E00D872D5 /* RxDataSources */; };
		6E764AE8263FA96C00A99402 /* UIFontExtension.swift in Sources */ = {isa = PBXBuildFile; fileRef = 6E764AE7263FA96C00A99402 /* UIFontExtension.swift */; };
		6E764AEA263FBBE300A99402 /* DdayLabel.swift in Sources */ = {isa = PBXBuildFile; fileRef = 6E764AE9263FBBE300A99402 /* DdayLabel.swift */; };
		6E764AEC263FCAE500A99402 /* EmojiImageVIew.swift in Sources */ = {isa = PBXBuildFile; fileRef = 6E764AEB263FCAE500A99402 /* EmojiImageVIew.swift */; };
		6E764AEE263FCB4700A99402 /* UIImageExtension.swift in Sources */ = {isa = PBXBuildFile; fileRef = 6E764AED263FCB4700A99402 /* UIImageExtension.swift */; };
		6E7A9A4B260C6AF8008335DA /* WriteButton.swift in Sources */ = {isa = PBXBuildFile; fileRef = 6E7A9A4A260C6AF8008335DA /* WriteButton.swift */; };
		6E7FDDA026269C8C0066B8A9 /* FeedbackUtils.swift in Sources */ = {isa = PBXBuildFile; fileRef = 6E7FDD9F26269C8C0066B8A9 /* FeedbackUtils.swift */; };
		6E80428A279D260D008A0EB4 /* SeepNotification.swift in Sources */ = {isa = PBXBuildFile; fileRef = 6E804289279D260D008A0EB4 /* SeepNotification.swift */; };
		6E80428B279D26B0008A0EB4 /* SeepNotification.swift in Sources */ = {isa = PBXBuildFile; fileRef = 6E804289279D260D008A0EB4 /* SeepNotification.swift */; };
		6E80428E279D2D07008A0EB4 /* HashtagCollectionViewCell.swift in Sources */ = {isa = PBXBuildFile; fileRef = 6E80428D279D2D07008A0EB4 /* HashtagCollectionViewCell.swift */; };
		6E804290279D3072008A0EB4 /* HashtagType.swift in Sources */ = {isa = PBXBuildFile; fileRef = 6E80428F279D3072008A0EB4 /* HashtagType.swift */; };
		6E804292279D36A1008A0EB4 /* LeftAlignedCollectionViewFlowLayout.swift in Sources */ = {isa = PBXBuildFile; fileRef = 6E804291279D36A1008A0EB4 /* LeftAlignedCollectionViewFlowLayout.swift */; };
		6E875726279BD9BC00BAA5BF /* NotificationView.swift in Sources */ = {isa = PBXBuildFile; fileRef = 6E875725279BD9BC00BAA5BF /* NotificationView.swift */; };
		6E875729279BDDFE00BAA5BF /* NotificationTypeRadioButton.swift in Sources */ = {isa = PBXBuildFile; fileRef = 6E875728279BDDFE00BAA5BF /* NotificationTypeRadioButton.swift */; };
		6E87572B279BE65300BAA5BF /* NotificationButtonGropView.swift in Sources */ = {isa = PBXBuildFile; fileRef = 6E87572A279BE65300BAA5BF /* NotificationButtonGropView.swift */; };
		6E87572D279BEB0E00BAA5BF /* NotificationViewController.swift in Sources */ = {isa = PBXBuildFile; fileRef = 6E87572C279BEB0E00BAA5BF /* NotificationViewController.swift */; };
		6E87572F279BEB5B00BAA5BF /* NotificationCoordinator.swift in Sources */ = {isa = PBXBuildFile; fileRef = 6E87572E279BEB5B00BAA5BF /* NotificationCoordinator.swift */; };
		6E9AB5362783226B00C6F825 /* EmojiInputView.swift in Sources */ = {isa = PBXBuildFile; fileRef = 6E9AB5352783226B00C6F825 /* EmojiInputView.swift */; };
		6E9ACDF826501AA400ED39BF /* ShareTypeSwitchView.swift in Sources */ = {isa = PBXBuildFile; fileRef = 6E9ACDF726501AA400ED39BF /* ShareTypeSwitchView.swift */; };
		6E9BFEA226453CAC0093CA89 /* NotificationManager.swift in Sources */ = {isa = PBXBuildFile; fileRef = 6E9BFEA126453CAC0093CA89 /* NotificationManager.swift */; };
		6EACBD5A2613034A0009AB6F /* PageItemVC.swift in Sources */ = {isa = PBXBuildFile; fileRef = 6EACBD592613034A0009AB6F /* PageItemVC.swift */; };
		6EACBD5D261303540009AB6F /* PageItemView.swift in Sources */ = {isa = PBXBuildFile; fileRef = 6EACBD5C261303540009AB6F /* PageItemView.swift */; };
		6EB50EF126BD548F00F0096E /* WidgetKit.framework in Frameworks */ = {isa = PBXBuildFile; fileRef = 6EB50EF026BD548F00F0096E /* WidgetKit.framework */; };
		6EB50EF326BD548F00F0096E /* SwiftUI.framework in Frameworks */ = {isa = PBXBuildFile; fileRef = 6EB50EF226BD548F00F0096E /* SwiftUI.framework */; };
		6EB50EF626BD548F00F0096E /* widget.swift in Sources */ = {isa = PBXBuildFile; fileRef = 6EB50EF526BD548F00F0096E /* widget.swift */; };
		6EB50EF926BD549000F0096E /* Assets.xcassets in Resources */ = {isa = PBXBuildFile; fileRef = 6EB50EF826BD549000F0096E /* Assets.xcassets */; };
		6EB50EFB26BD549000F0096E /* widget.intentdefinition in Sources */ = {isa = PBXBuildFile; fileRef = 6EB50EF726BD548F00F0096E /* widget.intentdefinition */; };
		6EB50EFC26BD549000F0096E /* widget.intentdefinition in Sources */ = {isa = PBXBuildFile; fileRef = 6EB50EF726BD548F00F0096E /* widget.intentdefinition */; };
		6EB50EFF26BD549000F0096E /* widgetExtension.appex in Embed App Extensions */ = {isa = PBXBuildFile; fileRef = 6EB50EEF26BD548F00F0096E /* widgetExtension.appex */; settings = {ATTRIBUTES = (RemoveHeadersOnCopy, ); }; };
		6EB50F0526BD56BA00F0096E /* MediumVerticalProvider.swift in Sources */ = {isa = PBXBuildFile; fileRef = 6EB50F0426BD56BA00F0096E /* MediumVerticalProvider.swift */; };
		6EB50F0726BD574400F0096E /* SmallWriteEntryView.swift in Sources */ = {isa = PBXBuildFile; fileRef = 6EB50F0626BD574400F0096E /* SmallWriteEntryView.swift */; };
		6EB50F0826BD5F9C00F0096E /* AppleSDGothicNeoEB00.ttf in Resources */ = {isa = PBXBuildFile; fileRef = 6EE5CE6F25FB1EE100A737DF /* AppleSDGothicNeoEB00.ttf */; };
		6EB50F0A26BD638C00F0096E /* SmallWriteProvider.swift in Sources */ = {isa = PBXBuildFile; fileRef = 6EB50F0926BD638C00F0096E /* SmallWriteProvider.swift */; };
		6EB50F0C26BD65BF00F0096E /* SmallWriteEntry.swift in Sources */ = {isa = PBXBuildFile; fileRef = 6EB50F0B26BD65BF00F0096E /* SmallWriteEntry.swift */; };
		6EB50F0E26BD6A6E00F0096E /* SmallWriteWidget.swift in Sources */ = {isa = PBXBuildFile; fileRef = 6EB50F0D26BD6A6E00F0096E /* SmallWriteWidget.swift */; };
		6EBF9BEB275912AF00C70B1A /* ColorExtensions.swift in Sources */ = {isa = PBXBuildFile; fileRef = 6EBF9BEA275912AF00C70B1A /* ColorExtensions.swift */; };
		6EC9BF9D26BE0456007C7708 /* MediumVerticalEntry.swift in Sources */ = {isa = PBXBuildFile; fileRef = 6EC9BF9C26BE0456007C7708 /* MediumVerticalEntry.swift */; };
		6EC9BF9F26BE05D8007C7708 /* MediumVerticalWidget.swift in Sources */ = {isa = PBXBuildFile; fileRef = 6EC9BF9E26BE05D8007C7708 /* MediumVerticalWidget.swift */; };
		6EC9BFA126BE073B007C7708 /* MediumVerticalEntryView.swift in Sources */ = {isa = PBXBuildFile; fileRef = 6EC9BFA026BE073B007C7708 /* MediumVerticalEntryView.swift */; };
		6EC9BFA226BE0830007C7708 /* Assets.xcassets in Resources */ = {isa = PBXBuildFile; fileRef = 6E283B0125F2047A00955B57 /* Assets.xcassets */; };
		6EC9BFA526BE0870007C7708 /* WishlistItemView.swift in Sources */ = {isa = PBXBuildFile; fileRef = 6EC9BFA426BE0870007C7708 /* WishlistItemView.swift */; };
		6ECF38C9275E46BA00E013C3 /* UIScreenExtensions.swift in Sources */ = {isa = PBXBuildFile; fileRef = 6ECF38C8275E46BA00E013C3 /* UIScreenExtensions.swift */; };
		6ED89715261579B80005FA29 /* FinishedView.swift in Sources */ = {isa = PBXBuildFile; fileRef = 6ED89714261579B80005FA29 /* FinishedView.swift */; };
		6ED89718261585E10005FA29 /* FinishedVC.swift in Sources */ = {isa = PBXBuildFile; fileRef = 6ED89717261585E10005FA29 /* FinishedVC.swift */; };
		6EE1706C264E58E400C3E94B /* SharePhotoView.swift in Sources */ = {isa = PBXBuildFile; fileRef = 6EE1706B264E58E400C3E94B /* SharePhotoView.swift */; };
		6EE1706E264E590F00C3E94B /* SharePhotoVC.swift in Sources */ = {isa = PBXBuildFile; fileRef = 6EE1706D264E590F00C3E94B /* SharePhotoVC.swift */; };
		6EE5CE6C25FB191800A737DF /* UIButtonExtension.swift in Sources */ = {isa = PBXBuildFile; fileRef = 6EE5CE6B25FB191800A737DF /* UIButtonExtension.swift */; };
		6EE5CE7025FB1EE100A737DF /* AppleSDGothicNeoEB00.ttf in Resources */ = {isa = PBXBuildFile; fileRef = 6EE5CE6F25FB1EE100A737DF /* AppleSDGothicNeoEB00.ttf */; };
		6EE5CE7425FB24CF00A737DF /* PaddingLabel.swift in Sources */ = {isa = PBXBuildFile; fileRef = 6EE5CE7325FB24CF00A737DF /* PaddingLabel.swift */; };
		6EE5CE7825FB301F00A737DF /* HomeReactor.swift in Sources */ = {isa = PBXBuildFile; fileRef = 6EE5CE7725FB301F00A737DF /* HomeReactor.swift */; };
		6EEED44525F2227F0059DBE5 /* HomeWishCell.swift in Sources */ = {isa = PBXBuildFile; fileRef = 6EEED44425F2227F0059DBE5 /* HomeWishCell.swift */; };
		6EF9A6622748E4A8000AE0DD /* SmallWriteWidgetData.swift in Sources */ = {isa = PBXBuildFile; fileRef = 6EF9A6612748E4A8000AE0DD /* SmallWriteWidgetData.swift */; };
		70FB9CC3A1068DE443A92BF9 /* Pods_widgetExtension.framework in Frameworks */ = {isa = PBXBuildFile; fileRef = FBE8CBA27EB721434BA62F1A /* Pods_widgetExtension.framework */; };
/* End PBXBuildFile section */

/* Begin PBXContainerItemProxy section */
		6EB50EFD26BD549000F0096E /* PBXContainerItemProxy */ = {
			isa = PBXContainerItemProxy;
			containerPortal = 6E283AED25F2047900955B57 /* Project object */;
			proxyType = 1;
			remoteGlobalIDString = 6EB50EEE26BD548F00F0096E;
			remoteInfo = widgetExtension;
		};
/* End PBXContainerItemProxy section */

/* Begin PBXCopyFilesBuildPhase section */
		6EB50F0026BD549000F0096E /* Embed App Extensions */ = {
			isa = PBXCopyFilesBuildPhase;
			buildActionMask = 2147483647;
			dstPath = "";
			dstSubfolderSpec = 13;
			files = (
				6EB50EFF26BD549000F0096E /* widgetExtension.appex in Embed App Extensions */,
			);
			name = "Embed App Extensions";
			runOnlyForDeploymentPostprocessing = 0;
		};
/* End PBXCopyFilesBuildPhase section */

/* Begin PBXFileReference section */
		6E07528226136D8800041E7B /* PageItemReactor.swift */ = {isa = PBXFileReference; lastKnownFileType = sourcecode.swift; path = PageItemReactor.swift; sourceTree = "<group>"; };
		6E091571264F80AB0048EB79 /* ShareTypeButton.swift */ = {isa = PBXFileReference; lastKnownFileType = sourcecode.swift; path = ShareTypeButton.swift; sourceTree = "<group>"; };
		6E091574264F87070048EB79 /* SharePhotoCell.swift */ = {isa = PBXFileReference; lastKnownFileType = sourcecode.swift; path = SharePhotoCell.swift; sourceTree = "<group>"; };
		6E091576264F99A50048EB79 /* SharePhotoReactor.swift */ = {isa = PBXFileReference; lastKnownFileType = sourcecode.swift; path = SharePhotoReactor.swift; sourceTree = "<group>"; };
		6E091578264FA94E0048EB79 /* CommonError.swift */ = {isa = PBXFileReference; lastKnownFileType = sourcecode.swift; path = CommonError.swift; sourceTree = "<group>"; };
		6E274E5425F20B31007DC880 /* AlertUtils.swift */ = {isa = PBXFileReference; lastKnownFileType = sourcecode.swift; path = AlertUtils.swift; sourceTree = "<group>"; };
		6E274E5825F20D31007DC880 /* UserDefaultsUtils.swift */ = {isa = PBXFileReference; lastKnownFileType = sourcecode.swift; path = UserDefaultsUtils.swift; sourceTree = "<group>"; };
		6E274E5C25F20D5A007DC880 /* RatioUtils.swift */ = {isa = PBXFileReference; lastKnownFileType = sourcecode.swift; path = RatioUtils.swift; sourceTree = "<group>"; };
		6E274E5F25F20D73007DC880 /* DateUtils.swift */ = {isa = PBXFileReference; lastKnownFileType = sourcecode.swift; path = DateUtils.swift; sourceTree = "<group>"; };
		6E274E6925F20E3F007DC880 /* en */ = {isa = PBXFileReference; lastKnownFileType = text.plist.strings; name = en; path = en.lproj/Localization.strings; sourceTree = "<group>"; };
		6E274E6D25F20EA0007DC880 /* UIViewExtension.swift */ = {isa = PBXFileReference; lastKnownFileType = sourcecode.swift; path = UIViewExtension.swift; sourceTree = "<group>"; };
		6E274E7025F20EB3007DC880 /* UIColorExtension.swift */ = {isa = PBXFileReference; lastKnownFileType = sourcecode.swift; path = UIColorExtension.swift; sourceTree = "<group>"; };
		6E274E7325F20EC6007DC880 /* StringExtension.swift */ = {isa = PBXFileReference; lastKnownFileType = sourcecode.swift; path = StringExtension.swift; sourceTree = "<group>"; };
		6E274E7625F20EE4007DC880 /* UIImageViewExtension.swift */ = {isa = PBXFileReference; lastKnownFileType = sourcecode.swift; path = UIImageViewExtension.swift; sourceTree = "<group>"; };
		6E274E7925F20EF2007DC880 /* UILabelExtension.swift */ = {isa = PBXFileReference; lastKnownFileType = sourcecode.swift; path = UILabelExtension.swift; sourceTree = "<group>"; };
		6E274E7E25F20F58007DC880 /* BaseView.swift */ = {isa = PBXFileReference; lastKnownFileType = sourcecode.swift; path = BaseView.swift; sourceTree = "<group>"; };
		6E274E8225F20F8D007DC880 /* BaseVC.swift */ = {isa = PBXFileReference; lastKnownFileType = sourcecode.swift; path = BaseVC.swift; sourceTree = "<group>"; };
		6E274E8525F20FBF007DC880 /* BaseTableViewCell.swift */ = {isa = PBXFileReference; lastKnownFileType = sourcecode.swift; path = BaseTableViewCell.swift; sourceTree = "<group>"; };
		6E274E8825F20FE5007DC880 /* BaseCollectionViewCell.swift */ = {isa = PBXFileReference; lastKnownFileType = sourcecode.swift; path = BaseCollectionViewCell.swift; sourceTree = "<group>"; };
		6E274E8D25F21506007DC880 /* HomeView.swift */ = {isa = PBXFileReference; lastKnownFileType = sourcecode.swift; path = HomeView.swift; sourceTree = "<group>"; };
		6E283AF525F2047900955B57 /* seep-ios.app */ = {isa = PBXFileReference; explicitFileType = wrapper.application; includeInIndex = 0; path = "seep-ios.app"; sourceTree = BUILT_PRODUCTS_DIR; };
		6E283AF825F2047900955B57 /* AppDelegate.swift */ = {isa = PBXFileReference; lastKnownFileType = sourcecode.swift; path = AppDelegate.swift; sourceTree = "<group>"; };
		6E283AFA25F2047900955B57 /* SceneDelegate.swift */ = {isa = PBXFileReference; lastKnownFileType = sourcecode.swift; path = SceneDelegate.swift; sourceTree = "<group>"; };
		6E283AFC25F2047900955B57 /* HomeVC.swift */ = {isa = PBXFileReference; lastKnownFileType = sourcecode.swift; path = HomeVC.swift; sourceTree = "<group>"; };
		6E283B0125F2047A00955B57 /* Assets.xcassets */ = {isa = PBXFileReference; lastKnownFileType = folder.assetcatalog; path = Assets.xcassets; sourceTree = "<group>"; };
		6E283B0425F2047A00955B57 /* Base */ = {isa = PBXFileReference; lastKnownFileType = file.storyboard; name = Base; path = Base.lproj/LaunchScreen.storyboard; sourceTree = "<group>"; };
		6E283B0625F2047A00955B57 /* Info.plist */ = {isa = PBXFileReference; lastKnownFileType = text.plist.xml; path = Info.plist; sourceTree = "<group>"; };
		6E357216261AF273003E18EA /* InputAccessoryView.swift */ = {isa = PBXFileReference; lastKnownFileType = sourcecode.swift; path = InputAccessoryView.swift; sourceTree = "<group>"; };
		6E35721B261AF9F7003E18EA /* ToastView.swift */ = {isa = PBXFileReference; lastKnownFileType = sourcecode.swift; path = ToastView.swift; sourceTree = "<group>"; };
		6E36A487278AE4F000F6D3B5 /* WriteCoordinator.swift */ = {isa = PBXFileReference; lastKnownFileType = sourcecode.swift; path = WriteCoordinator.swift; sourceTree = "<group>"; };
		6E36A489278AE59500F6D3B5 /* BaseCoordinator.swift */ = {isa = PBXFileReference; lastKnownFileType = sourcecode.swift; path = BaseCoordinator.swift; sourceTree = "<group>"; };
		6E40F693279C18AC007D529E /* NotificationTimeInputField.swift */ = {isa = PBXFileReference; lastKnownFileType = sourcecode.swift; path = NotificationTimeInputField.swift; sourceTree = "<group>"; };
		6E40F695279C2025007D529E /* NotificationReactor.swift */ = {isa = PBXFileReference; lastKnownFileType = sourcecode.swift; path = NotificationReactor.swift; sourceTree = "<group>"; };
		6E41F28025FB873500CE1530 /* TextInputView.swift */ = {isa = PBXFileReference; lastKnownFileType = sourcecode.swift; path = TextInputView.swift; sourceTree = "<group>"; };
		6E41F28325FB916200CE1530 /* WriteReactor.swift */ = {isa = PBXFileReference; lastKnownFileType = sourcecode.swift; path = WriteReactor.swift; sourceTree = "<group>"; };
		6E43A5BC2616C8B500FB1738 /* FinishedReactor.swift */ = {isa = PBXFileReference; lastKnownFileType = sourcecode.swift; path = FinishedReactor.swift; sourceTree = "<group>"; };
		6E43A5C02617192600FB1738 /* FinishedTableCell.swift */ = {isa = PBXFileReference; lastKnownFileType = sourcecode.swift; path = FinishedTableCell.swift; sourceTree = "<group>"; };
		6E43A5C326171D3C00FB1738 /* FinishedCollectionView.swift */ = {isa = PBXFileReference; lastKnownFileType = sourcecode.swift; path = FinishedCollectionView.swift; sourceTree = "<group>"; };
		6E441CA02604549F0010A625 /* Wish.swift */ = {isa = PBXFileReference; lastKnownFileType = sourcecode.swift; path = Wish.swift; sourceTree = "<group>"; };
		6E441CA426046F9D0010A625 /* WishServices.swift */ = {isa = PBXFileReference; lastKnownFileType = sourcecode.swift; path = WishServices.swift; sourceTree = "<group>"; };
		6E4AD34B278AACCB00819C43 /* NotificationDTO.swift */ = {isa = PBXFileReference; lastKnownFileType = sourcecode.swift; path = NotificationDTO.swift; sourceTree = "<group>"; };
		6E4C325F2789234200550BBB /* WriteNotificationTableViewCell.swift */ = {isa = PBXFileReference; lastKnownFileType = sourcecode.swift; path = WriteNotificationTableViewCell.swift; sourceTree = "<group>"; };
		6E4F5D8D2657DF580061A13C /* SplashView.swift */ = {isa = PBXFileReference; lastKnownFileType = sourcecode.swift; path = SplashView.swift; sourceTree = "<group>"; };
		6E4F5D922657E0BA0061A13C /* SplashVC.swift */ = {isa = PBXFileReference; lastKnownFileType = sourcecode.swift; path = SplashVC.swift; sourceTree = "<group>"; };
		6E5882532658BE730050F0E0 /* splash2.json */ = {isa = PBXFileReference; fileEncoding = 4; lastKnownFileType = text.json; path = splash2.json; sourceTree = "<group>"; };
		6E5882542658BE730050F0E0 /* splash3.json */ = {isa = PBXFileReference; fileEncoding = 4; lastKnownFileType = text.json; path = splash3.json; sourceTree = "<group>"; };
		6E5882552658BE730050F0E0 /* splash1.json */ = {isa = PBXFileReference; fileEncoding = 4; lastKnownFileType = text.json; path = splash1.json; sourceTree = "<group>"; };
		6E5BD774275CAFBE00DA14E6 /* EmptyView.swift */ = {isa = PBXFileReference; lastKnownFileType = sourcecode.swift; path = EmptyView.swift; sourceTree = "<group>"; };
		6E5DECFD264263F70005487F /* TagLabel.swift */ = {isa = PBXFileReference; lastKnownFileType = sourcecode.swift; path = TagLabel.swift; sourceTree = "<group>"; };
		6E5DECFF2642D8FC0005487F /* CategoryView.swift */ = {isa = PBXFileReference; lastKnownFileType = sourcecode.swift; path = CategoryView.swift; sourceTree = "<group>"; };
		6E600148260831F0000065C8 /* GoogleService-Info-Prod.plist */ = {isa = PBXFileReference; fileEncoding = 4; lastKnownFileType = text.plist.xml; path = "GoogleService-Info-Prod.plist"; sourceTree = "<group>"; };
		6E60018726084516000065C8 /* HomeWishCollectionCell.swift */ = {isa = PBXFileReference; lastKnownFileType = sourcecode.swift; path = HomeWishCollectionCell.swift; sourceTree = "<group>"; };
		6E66A26E25FB40BD00C0C051 /* Category.swift */ = {isa = PBXFileReference; lastKnownFileType = sourcecode.swift; path = Category.swift; sourceTree = "<group>"; };
		6E66A27125FB416700C0C051 /* ViewType.swift */ = {isa = PBXFileReference; lastKnownFileType = sourcecode.swift; path = ViewType.swift; sourceTree = "<group>"; };
		6E66A27625FB45C500C0C051 /* WriteView.swift */ = {isa = PBXFileReference; lastKnownFileType = sourcecode.swift; path = WriteView.swift; sourceTree = "<group>"; };
		6E66A27925FB489000C0C051 /* WriteViewController.swift */ = {isa = PBXFileReference; lastKnownFileType = sourcecode.swift; path = WriteViewController.swift; sourceTree = "<group>"; };
		6E66A27C25FB587100C0C051 /* TextInputField.swift */ = {isa = PBXFileReference; lastKnownFileType = sourcecode.swift; path = TextInputField.swift; sourceTree = "<group>"; };
		6E69E618260D77200062CBFB /* WriteHashtagField.swift */ = {isa = PBXFileReference; lastKnownFileType = sourcecode.swift; path = WriteHashtagField.swift; sourceTree = "<group>"; };
		6E69E61F260D991B0062CBFB /* DetailView.swift */ = {isa = PBXFileReference; lastKnownFileType = sourcecode.swift; path = DetailView.swift; sourceTree = "<group>"; };
		6E69E623260D9E630062CBFB /* DetailVC.swift */ = {isa = PBXFileReference; lastKnownFileType = sourcecode.swift; path = DetailVC.swift; sourceTree = "<group>"; };
		6E69E62A260DB7640062CBFB /* EditButton.swift */ = {isa = PBXFileReference; lastKnownFileType = sourcecode.swift; path = EditButton.swift; sourceTree = "<group>"; };
		6E69E62D260DBACA0062CBFB /* DetailReactor.swift */ = {isa = PBXFileReference; lastKnownFileType = sourcecode.swift; path = DetailReactor.swift; sourceTree = "<group>"; };
		6E69FD4726468BDC00F0AB60 /* DateExtensions.swift */ = {isa = PBXFileReference; lastKnownFileType = sourcecode.swift; path = DateExtensions.swift; sourceTree = "<group>"; };
		6E69FD49264698E900F0AB60 /* seep-ios.entitlements */ = {isa = PBXFileReference; lastKnownFileType = text.plist.entitlements; path = "seep-ios.entitlements"; sourceTree = "<group>"; };
		6E6CBE31274A0111005D7BFE /* SmallRemainEntryView.swift */ = {isa = PBXFileReference; lastKnownFileType = sourcecode.swift; path = SmallRemainEntryView.swift; sourceTree = "<group>"; };
		6E6CBE33274A0B55005D7BFE /* SmallRemainProvider.swift */ = {isa = PBXFileReference; lastKnownFileType = sourcecode.swift; path = SmallRemainProvider.swift; sourceTree = "<group>"; };
		6E6CBE35274A0B86005D7BFE /* SmallRemainEntry.swift */ = {isa = PBXFileReference; lastKnownFileType = sourcecode.swift; path = SmallRemainEntry.swift; sourceTree = "<group>"; };
		6E6CBE37274A0B9B005D7BFE /* SmallRemainWidget.swift */ = {isa = PBXFileReference; lastKnownFileType = sourcecode.swift; path = SmallRemainWidget.swift; sourceTree = "<group>"; };
		6E6D610227587B8C00A0BFD9 /* BundleExtensions.swift */ = {isa = PBXFileReference; lastKnownFileType = sourcecode.swift; path = BundleExtensions.swift; sourceTree = "<group>"; };
		6E6D610527587C6800A0BFD9 /* BundleExtensions.swift */ = {isa = PBXFileReference; lastKnownFileType = sourcecode.swift; path = BundleExtensions.swift; sourceTree = "<group>"; };
		6E6D610827587F4300A0BFD9 /* GoogleService-Info-Dev.plist */ = {isa = PBXFileReference; fileEncoding = 4; lastKnownFileType = text.plist.xml; path = "GoogleService-Info-Dev.plist"; sourceTree = "<group>"; };
		6E7206C7275B323D009C7AFC /* DdayView.swift */ = {isa = PBXFileReference; lastKnownFileType = sourcecode.swift; path = DdayView.swift; sourceTree = "<group>"; };
		6E7206C9275B3374009C7AFC /* ViewExtensions.swift */ = {isa = PBXFileReference; lastKnownFileType = sourcecode.swift; path = ViewExtensions.swift; sourceTree = "<group>"; };
		6E7206CD275B4588009C7AFC /* MediumHorizontalProvider.swift */ = {isa = PBXFileReference; lastKnownFileType = sourcecode.swift; path = MediumHorizontalProvider.swift; sourceTree = "<group>"; };
		6E7206CF275B4791009C7AFC /* MediumHorizontalEntry.swift */ = {isa = PBXFileReference; lastKnownFileType = sourcecode.swift; path = MediumHorizontalEntry.swift; sourceTree = "<group>"; };
		6E7206D1275B47B0009C7AFC /* MediumHorizontalWidget.swift */ = {isa = PBXFileReference; lastKnownFileType = sourcecode.swift; path = MediumHorizontalWidget.swift; sourceTree = "<group>"; };
		6E7206D3275B4801009C7AFC /* MediumHorizontalEntryView.swift */ = {isa = PBXFileReference; lastKnownFileType = sourcecode.swift; path = MediumHorizontalEntryView.swift; sourceTree = "<group>"; };
		6E7206D6275B48C6009C7AFC /* WishHorizontalItemView.swift */ = {isa = PBXFileReference; lastKnownFileType = sourcecode.swift; path = WishHorizontalItemView.swift; sourceTree = "<group>"; };
		6E764AE7263FA96C00A99402 /* UIFontExtension.swift */ = {isa = PBXFileReference; lastKnownFileType = sourcecode.swift; path = UIFontExtension.swift; sourceTree = "<group>"; };
		6E764AE9263FBBE300A99402 /* DdayLabel.swift */ = {isa = PBXFileReference; lastKnownFileType = sourcecode.swift; path = DdayLabel.swift; sourceTree = "<group>"; };
		6E764AEB263FCAE500A99402 /* EmojiImageVIew.swift */ = {isa = PBXFileReference; lastKnownFileType = sourcecode.swift; path = EmojiImageVIew.swift; sourceTree = "<group>"; };
		6E764AED263FCB4700A99402 /* UIImageExtension.swift */ = {isa = PBXFileReference; lastKnownFileType = sourcecode.swift; path = UIImageExtension.swift; sourceTree = "<group>"; };
		6E7A9A4A260C6AF8008335DA /* WriteButton.swift */ = {isa = PBXFileReference; lastKnownFileType = sourcecode.swift; path = WriteButton.swift; sourceTree = "<group>"; };
		6E7FDD9F26269C8C0066B8A9 /* FeedbackUtils.swift */ = {isa = PBXFileReference; lastKnownFileType = sourcecode.swift; path = FeedbackUtils.swift; sourceTree = "<group>"; };
		6E804289279D260D008A0EB4 /* SeepNotification.swift */ = {isa = PBXFileReference; lastKnownFileType = sourcecode.swift; path = SeepNotification.swift; sourceTree = "<group>"; };
		6E80428D279D2D07008A0EB4 /* HashtagCollectionViewCell.swift */ = {isa = PBXFileReference; lastKnownFileType = sourcecode.swift; path = HashtagCollectionViewCell.swift; sourceTree = "<group>"; };
		6E80428F279D3072008A0EB4 /* HashtagType.swift */ = {isa = PBXFileReference; lastKnownFileType = sourcecode.swift; path = HashtagType.swift; sourceTree = "<group>"; };
		6E804291279D36A1008A0EB4 /* LeftAlignedCollectionViewFlowLayout.swift */ = {isa = PBXFileReference; lastKnownFileType = sourcecode.swift; path = LeftAlignedCollectionViewFlowLayout.swift; sourceTree = "<group>"; };
		6E875725279BD9BC00BAA5BF /* NotificationView.swift */ = {isa = PBXFileReference; lastKnownFileType = sourcecode.swift; path = NotificationView.swift; sourceTree = "<group>"; };
		6E875728279BDDFE00BAA5BF /* NotificationTypeRadioButton.swift */ = {isa = PBXFileReference; lastKnownFileType = sourcecode.swift; path = NotificationTypeRadioButton.swift; sourceTree = "<group>"; };
		6E87572A279BE65300BAA5BF /* NotificationButtonGropView.swift */ = {isa = PBXFileReference; lastKnownFileType = sourcecode.swift; path = NotificationButtonGropView.swift; sourceTree = "<group>"; };
		6E87572C279BEB0E00BAA5BF /* NotificationViewController.swift */ = {isa = PBXFileReference; lastKnownFileType = sourcecode.swift; path = NotificationViewController.swift; sourceTree = "<group>"; };
		6E87572E279BEB5B00BAA5BF /* NotificationCoordinator.swift */ = {isa = PBXFileReference; lastKnownFileType = sourcecode.swift; path = NotificationCoordinator.swift; sourceTree = "<group>"; };
		6E9AB5352783226B00C6F825 /* EmojiInputView.swift */ = {isa = PBXFileReference; lastKnownFileType = sourcecode.swift; path = EmojiInputView.swift; sourceTree = "<group>"; };
		6E9ACDF726501AA400ED39BF /* ShareTypeSwitchView.swift */ = {isa = PBXFileReference; lastKnownFileType = sourcecode.swift; path = ShareTypeSwitchView.swift; sourceTree = "<group>"; };
		6E9BFEA126453CAC0093CA89 /* NotificationManager.swift */ = {isa = PBXFileReference; lastKnownFileType = sourcecode.swift; path = NotificationManager.swift; sourceTree = "<group>"; };
		6EACBD592613034A0009AB6F /* PageItemVC.swift */ = {isa = PBXFileReference; lastKnownFileType = sourcecode.swift; path = PageItemVC.swift; sourceTree = "<group>"; };
		6EACBD5C261303540009AB6F /* PageItemView.swift */ = {isa = PBXFileReference; lastKnownFileType = sourcecode.swift; path = PageItemView.swift; sourceTree = "<group>"; };
		6EB50EEF26BD548F00F0096E /* widgetExtension.appex */ = {isa = PBXFileReference; explicitFileType = "wrapper.app-extension"; includeInIndex = 0; path = widgetExtension.appex; sourceTree = BUILT_PRODUCTS_DIR; };
		6EB50EF026BD548F00F0096E /* WidgetKit.framework */ = {isa = PBXFileReference; lastKnownFileType = wrapper.framework; name = WidgetKit.framework; path = System/Library/Frameworks/WidgetKit.framework; sourceTree = SDKROOT; };
		6EB50EF226BD548F00F0096E /* SwiftUI.framework */ = {isa = PBXFileReference; lastKnownFileType = wrapper.framework; name = SwiftUI.framework; path = System/Library/Frameworks/SwiftUI.framework; sourceTree = SDKROOT; };
		6EB50EF526BD548F00F0096E /* widget.swift */ = {isa = PBXFileReference; lastKnownFileType = sourcecode.swift; path = widget.swift; sourceTree = "<group>"; };
		6EB50EF726BD548F00F0096E /* widget.intentdefinition */ = {isa = PBXFileReference; lastKnownFileType = file.intentdefinition; path = widget.intentdefinition; sourceTree = "<group>"; };
		6EB50EF826BD549000F0096E /* Assets.xcassets */ = {isa = PBXFileReference; lastKnownFileType = folder.assetcatalog; path = Assets.xcassets; sourceTree = "<group>"; };
		6EB50EFA26BD549000F0096E /* Info.plist */ = {isa = PBXFileReference; lastKnownFileType = text.plist.xml; path = Info.plist; sourceTree = "<group>"; };
		6EB50F0426BD56BA00F0096E /* MediumVerticalProvider.swift */ = {isa = PBXFileReference; lastKnownFileType = sourcecode.swift; path = MediumVerticalProvider.swift; sourceTree = "<group>"; };
		6EB50F0626BD574400F0096E /* SmallWriteEntryView.swift */ = {isa = PBXFileReference; lastKnownFileType = sourcecode.swift; path = SmallWriteEntryView.swift; sourceTree = "<group>"; };
		6EB50F0926BD638C00F0096E /* SmallWriteProvider.swift */ = {isa = PBXFileReference; lastKnownFileType = sourcecode.swift; path = SmallWriteProvider.swift; sourceTree = "<group>"; };
		6EB50F0B26BD65BF00F0096E /* SmallWriteEntry.swift */ = {isa = PBXFileReference; lastKnownFileType = sourcecode.swift; path = SmallWriteEntry.swift; sourceTree = "<group>"; };
		6EB50F0D26BD6A6E00F0096E /* SmallWriteWidget.swift */ = {isa = PBXFileReference; lastKnownFileType = sourcecode.swift; path = SmallWriteWidget.swift; sourceTree = "<group>"; };
		6EBF9BEA275912AF00C70B1A /* ColorExtensions.swift */ = {isa = PBXFileReference; lastKnownFileType = sourcecode.swift; path = ColorExtensions.swift; sourceTree = "<group>"; };
		6EC9BF9C26BE0456007C7708 /* MediumVerticalEntry.swift */ = {isa = PBXFileReference; lastKnownFileType = sourcecode.swift; path = MediumVerticalEntry.swift; sourceTree = "<group>"; };
		6EC9BF9E26BE05D8007C7708 /* MediumVerticalWidget.swift */ = {isa = PBXFileReference; lastKnownFileType = sourcecode.swift; path = MediumVerticalWidget.swift; sourceTree = "<group>"; };
		6EC9BFA026BE073B007C7708 /* MediumVerticalEntryView.swift */ = {isa = PBXFileReference; lastKnownFileType = sourcecode.swift; path = MediumVerticalEntryView.swift; sourceTree = "<group>"; };
		6EC9BFA426BE0870007C7708 /* WishlistItemView.swift */ = {isa = PBXFileReference; lastKnownFileType = sourcecode.swift; path = WishlistItemView.swift; sourceTree = "<group>"; };
		6ECF38C8275E46BA00E013C3 /* UIScreenExtensions.swift */ = {isa = PBXFileReference; lastKnownFileType = sourcecode.swift; path = UIScreenExtensions.swift; sourceTree = "<group>"; };
		6ED89714261579B80005FA29 /* FinishedView.swift */ = {isa = PBXFileReference; lastKnownFileType = sourcecode.swift; path = FinishedView.swift; sourceTree = "<group>"; };
		6ED89717261585E10005FA29 /* FinishedVC.swift */ = {isa = PBXFileReference; lastKnownFileType = sourcecode.swift; path = FinishedVC.swift; sourceTree = "<group>"; };
		6EE1706B264E58E400C3E94B /* SharePhotoView.swift */ = {isa = PBXFileReference; lastKnownFileType = sourcecode.swift; path = SharePhotoView.swift; sourceTree = "<group>"; };
		6EE1706D264E590F00C3E94B /* SharePhotoVC.swift */ = {isa = PBXFileReference; lastKnownFileType = sourcecode.swift; path = SharePhotoVC.swift; sourceTree = "<group>"; };
		6EE5A820275512280013B0D4 /* widgetExtension.entitlements */ = {isa = PBXFileReference; lastKnownFileType = text.plist.entitlements; path = widgetExtension.entitlements; sourceTree = "<group>"; };
		6EE5CE6B25FB191800A737DF /* UIButtonExtension.swift */ = {isa = PBXFileReference; lastKnownFileType = sourcecode.swift; path = UIButtonExtension.swift; sourceTree = "<group>"; };
		6EE5CE6F25FB1EE100A737DF /* AppleSDGothicNeoEB00.ttf */ = {isa = PBXFileReference; lastKnownFileType = file; path = AppleSDGothicNeoEB00.ttf; sourceTree = "<group>"; };
		6EE5CE7325FB24CF00A737DF /* PaddingLabel.swift */ = {isa = PBXFileReference; lastKnownFileType = sourcecode.swift; path = PaddingLabel.swift; sourceTree = "<group>"; };
		6EE5CE7725FB301F00A737DF /* HomeReactor.swift */ = {isa = PBXFileReference; lastKnownFileType = sourcecode.swift; path = HomeReactor.swift; sourceTree = "<group>"; };
		6EEED44425F2227F0059DBE5 /* HomeWishCell.swift */ = {isa = PBXFileReference; lastKnownFileType = sourcecode.swift; path = HomeWishCell.swift; sourceTree = "<group>"; };
		6EF9A6612748E4A8000AE0DD /* SmallWriteWidgetData.swift */ = {isa = PBXFileReference; lastKnownFileType = sourcecode.swift; path = SmallWriteWidgetData.swift; sourceTree = "<group>"; };
		B55E8F409C2C6BD4663E990E /* Pods-seep-ios.release.xcconfig */ = {isa = PBXFileReference; includeInIndex = 1; lastKnownFileType = text.xcconfig; name = "Pods-seep-ios.release.xcconfig"; path = "Target Support Files/Pods-seep-ios/Pods-seep-ios.release.xcconfig"; sourceTree = "<group>"; };
		C5371AC00B457032AB7ECA28 /* Pods_seep_ios.framework */ = {isa = PBXFileReference; explicitFileType = wrapper.framework; includeInIndex = 0; path = Pods_seep_ios.framework; sourceTree = BUILT_PRODUCTS_DIR; };
		D6C5969ED35CA98059342290 /* Pods-widgetExtension.debug.xcconfig */ = {isa = PBXFileReference; includeInIndex = 1; lastKnownFileType = text.xcconfig; name = "Pods-widgetExtension.debug.xcconfig"; path = "Target Support Files/Pods-widgetExtension/Pods-widgetExtension.debug.xcconfig"; sourceTree = "<group>"; };
		F2276600B1C0E60301A0D889 /* Pods-widgetExtension.release.xcconfig */ = {isa = PBXFileReference; includeInIndex = 1; lastKnownFileType = text.xcconfig; name = "Pods-widgetExtension.release.xcconfig"; path = "Target Support Files/Pods-widgetExtension/Pods-widgetExtension.release.xcconfig"; sourceTree = "<group>"; };
		F35ABB390797877B295E73E8 /* Pods-seep-ios.debug.xcconfig */ = {isa = PBXFileReference; includeInIndex = 1; lastKnownFileType = text.xcconfig; name = "Pods-seep-ios.debug.xcconfig"; path = "Target Support Files/Pods-seep-ios/Pods-seep-ios.debug.xcconfig"; sourceTree = "<group>"; };
		FBE8CBA27EB721434BA62F1A /* Pods_widgetExtension.framework */ = {isa = PBXFileReference; explicitFileType = wrapper.framework; includeInIndex = 0; path = Pods_widgetExtension.framework; sourceTree = BUILT_PRODUCTS_DIR; };
/* End PBXFileReference section */

/* Begin PBXFrameworksBuildPhase section */
		6E283AF225F2047900955B57 /* Frameworks */ = {
			isa = PBXFrameworksBuildPhase;
			buildActionMask = 2147483647;
			files = (
				6E74E20A2763834E00D872D5 /* RxRelay in Frameworks */,
				6E62035C2763889D006B8393 /* Then in Frameworks */,
				6E62036927638DD5006B8393 /* FirebaseMessaging in Frameworks */,
				6E62036527638DD5006B8393 /* FirebaseAnalytics in Frameworks */,
				6E74E20F2763844E00D872D5 /* Differentiator in Frameworks */,
				6E74E2082763834E00D872D5 /* RxCocoa in Frameworks */,
				6E6203562763878B006B8393 /* SnapKit in Frameworks */,
				6E62035927638846006B8393 /* Kingfisher in Frameworks */,
				6E62036227638996006B8393 /* Lottie in Frameworks */,
				6E74E2112763844E00D872D5 /* RxDataSources in Frameworks */,
				6E62036727638DD5006B8393 /* FirebaseCrashlytics in Frameworks */,
				6E62035F276388DE006B8393 /* SwiftyBeaver in Frameworks */,
				6E74E20C2763834E00D872D5 /* RxSwift in Frameworks */,
				6E7112D02781870600396CC0 /* ReactorKit in Frameworks */,
				57520E3E4D945BA16284EE99 /* Pods_seep_ios.framework in Frameworks */,
			);
			runOnlyForDeploymentPostprocessing = 0;
		};
		6EB50EEC26BD548F00F0096E /* Frameworks */ = {
			isa = PBXFrameworksBuildPhase;
			buildActionMask = 2147483647;
			files = (
				6EB50EF326BD548F00F0096E /* SwiftUI.framework in Frameworks */,
				6EB50EF126BD548F00F0096E /* WidgetKit.framework in Frameworks */,
				70FB9CC3A1068DE443A92BF9 /* Pods_widgetExtension.framework in Frameworks */,
			);
			runOnlyForDeploymentPostprocessing = 0;
		};
/* End PBXFrameworksBuildPhase section */

/* Begin PBXGroup section */
		6E091573264F86F90048EB79 /* cell */ = {
			isa = PBXGroup;
			children = (
				6E091574264F87070048EB79 /* SharePhotoCell.swift */,
			);
			path = cell;
			sourceTree = "<group>";
		};
		6E274E5325F20B1E007DC880 /* uilts */ = {
			isa = PBXGroup;
			children = (
				6E274E5425F20B31007DC880 /* AlertUtils.swift */,
				6E274E5825F20D31007DC880 /* UserDefaultsUtils.swift */,
				6E274E5C25F20D5A007DC880 /* RatioUtils.swift */,
				6E274E5F25F20D73007DC880 /* DateUtils.swift */,
				6E7FDD9F26269C8C0066B8A9 /* FeedbackUtils.swift */,
			);
			path = uilts;
			sourceTree = "<group>";
		};
		6E274E6325F20E20007DC880 /* resources */ = {
			isa = PBXGroup;
			children = (
				6E6D610B27587F6D00A0BFD9 /* firebase */,
				6E4F5D8F2657E0340061A13C /* lottie */,
				6EE5CE6E25FB1EB500A737DF /* font */,
				6E274E6A25F20E3F007DC880 /* Localization.strings */,
			);
			path = resources;
			sourceTree = "<group>";
		};
		6E274E6C25F20E8E007DC880 /* extensions */ = {
			isa = PBXGroup;
			children = (
				6E274E6D25F20EA0007DC880 /* UIViewExtension.swift */,
				6E274E7025F20EB3007DC880 /* UIColorExtension.swift */,
				6E274E7325F20EC6007DC880 /* StringExtension.swift */,
				6E274E7625F20EE4007DC880 /* UIImageViewExtension.swift */,
				6E274E7925F20EF2007DC880 /* UILabelExtension.swift */,
				6EE5CE6B25FB191800A737DF /* UIButtonExtension.swift */,
				6E764AE7263FA96C00A99402 /* UIFontExtension.swift */,
				6E764AED263FCB4700A99402 /* UIImageExtension.swift */,
				6E69FD4726468BDC00F0AB60 /* DateExtensions.swift */,
				6E6D610227587B8C00A0BFD9 /* BundleExtensions.swift */,
			);
			path = extensions;
			sourceTree = "<group>";
		};
		6E274E7C25F20F45007DC880 /* features */ = {
			isa = PBXGroup;
			children = (
				6E875724279BD9A500BAA5BF /* notification */,
				6E4F5D8C2657DF500061A13C /* splash */,
				6EE1706A264E58D000C3E94B /* share-photo */,
				6ED89713261579AA0005FA29 /* finished */,
				6E69E61E260D990E0062CBFB /* detail */,
				6E66A27525FB45C000C0C051 /* write */,
				6EE5CE7225FB24C900A737DF /* shared */,
				6E274E8C25F214FB007DC880 /* home */,
				6E274E7D25F20F4C007DC880 /* base */,
			);
			path = features;
			sourceTree = "<group>";
		};
		6E274E7D25F20F4C007DC880 /* base */ = {
			isa = PBXGroup;
			children = (
				6E274E7E25F20F58007DC880 /* BaseView.swift */,
				6E274E8225F20F8D007DC880 /* BaseVC.swift */,
				6E274E8525F20FBF007DC880 /* BaseTableViewCell.swift */,
				6E274E8825F20FE5007DC880 /* BaseCollectionViewCell.swift */,
				6E36A489278AE59500F6D3B5 /* BaseCoordinator.swift */,
			);
			path = base;
			sourceTree = "<group>";
		};
		6E274E8C25F214FB007DC880 /* home */ = {
			isa = PBXGroup;
			children = (
				6EEED43D25F219000059DBE5 /* cell */,
				6E274E8D25F21506007DC880 /* HomeView.swift */,
				6E283AFC25F2047900955B57 /* HomeVC.swift */,
				6EE5CE7725FB301F00A737DF /* HomeReactor.swift */,
				6EACBD592613034A0009AB6F /* PageItemVC.swift */,
				6EACBD5C261303540009AB6F /* PageItemView.swift */,
				6E07528226136D8800041E7B /* PageItemReactor.swift */,
				6E764AEB263FCAE500A99402 /* EmojiImageVIew.swift */,
			);
			path = home;
			sourceTree = "<group>";
		};
		6E283AEC25F2047900955B57 = {
			isa = PBXGroup;
			children = (
				6EE5A820275512280013B0D4 /* widgetExtension.entitlements */,
				6E283AF725F2047900955B57 /* seep-ios */,
				6EB50EF426BD548F00F0096E /* widget */,
				6E283AF625F2047900955B57 /* Products */,
				CE354C8B12BC6DA867D129DA /* Pods */,
				A59D84F56481B30FACF6A680 /* Frameworks */,
			);
			sourceTree = "<group>";
		};
		6E283AF625F2047900955B57 /* Products */ = {
			isa = PBXGroup;
			children = (
				6E283AF525F2047900955B57 /* seep-ios.app */,
				6EB50EEF26BD548F00F0096E /* widgetExtension.appex */,
			);
			name = Products;
			sourceTree = "<group>";
		};
		6E283AF725F2047900955B57 /* seep-ios */ = {
			isa = PBXGroup;
			children = (
				6E69FD49264698E900F0AB60 /* seep-ios.entitlements */,
				6E9BFEA026453C9C0093CA89 /* manager */,
				6E441CA326046F920010A625 /* services */,
				6E66A26D25FB40B600C0C051 /* model */,
				6E274E7C25F20F45007DC880 /* features */,
				6E274E6C25F20E8E007DC880 /* extensions */,
				6E274E6325F20E20007DC880 /* resources */,
				6E274E5325F20B1E007DC880 /* uilts */,
				6E283AF825F2047900955B57 /* AppDelegate.swift */,
				6E283AFA25F2047900955B57 /* SceneDelegate.swift */,
				6E283B0125F2047A00955B57 /* Assets.xcassets */,
				6E283B0325F2047A00955B57 /* LaunchScreen.storyboard */,
				6E283B0625F2047A00955B57 /* Info.plist */,
			);
			path = "seep-ios";
			sourceTree = "<group>";
		};
		6E35721A261AF9E9003E18EA /* toast */ = {
			isa = PBXGroup;
			children = (
				6E35721B261AF9F7003E18EA /* ToastView.swift */,
			);
			path = toast;
			sourceTree = "<group>";
		};
		6E43A5BF2617191A00FB1738 /* cell */ = {
			isa = PBXGroup;
			children = (
				6E43A5C02617192600FB1738 /* FinishedTableCell.swift */,
				6E43A5C326171D3C00FB1738 /* FinishedCollectionView.swift */,
			);
			path = cell;
			sourceTree = "<group>";
		};
		6E441CA326046F920010A625 /* services */ = {
			isa = PBXGroup;
			children = (
				6E441CA426046F9D0010A625 /* WishServices.swift */,
			);
			path = services;
			sourceTree = "<group>";
		};
		6E4F5D8C2657DF500061A13C /* splash */ = {
			isa = PBXGroup;
			children = (
				6E4F5D8D2657DF580061A13C /* SplashView.swift */,
				6E4F5D922657E0BA0061A13C /* SplashVC.swift */,
			);
			path = splash;
			sourceTree = "<group>";
		};
		6E4F5D8F2657E0340061A13C /* lottie */ = {
			isa = PBXGroup;
			children = (
				6E5882552658BE730050F0E0 /* splash1.json */,
				6E5882532658BE730050F0E0 /* splash2.json */,
				6E5882542658BE730050F0E0 /* splash3.json */,
			);
			path = lottie;
			sourceTree = "<group>";
		};
		6E66A26D25FB40B600C0C051 /* model */ = {
			isa = PBXGroup;
			children = (
				6E804288279D2578008A0EB4 /* presentation */,
				6E804287279D256E008A0EB4 /* dto */,
				6E66A26E25FB40BD00C0C051 /* Category.swift */,
				6E66A27125FB416700C0C051 /* ViewType.swift */,
				6E091578264FA94E0048EB79 /* CommonError.swift */,
				6E441CA02604549F0010A625 /* Wish.swift */,
			);
			path = model;
			sourceTree = "<group>";
		};
		6E66A27525FB45C000C0C051 /* write */ = {
			isa = PBXGroup;
			children = (
				6E9AB5342783223D00C6F825 /* subviews */,
				6E66A27625FB45C500C0C051 /* WriteView.swift */,
				6E66A27925FB489000C0C051 /* WriteViewController.swift */,
				6E41F28325FB916200CE1530 /* WriteReactor.swift */,
				6E36A487278AE4F000F6D3B5 /* WriteCoordinator.swift */,
			);
			path = write;
			sourceTree = "<group>";
		};
		6E69E61E260D990E0062CBFB /* detail */ = {
			isa = PBXGroup;
			children = (
				6E69E61F260D991B0062CBFB /* DetailView.swift */,
				6E69E623260D9E630062CBFB /* DetailVC.swift */,
				6E69E62A260DB7640062CBFB /* EditButton.swift */,
				6E69E62D260DBACA0062CBFB /* DetailReactor.swift */,
			);
			path = detail;
			sourceTree = "<group>";
		};
		6E6CBE30274A0088005D7BFE /* small-remain-widget */ = {
			isa = PBXGroup;
			children = (
				6E6CBE31274A0111005D7BFE /* SmallRemainEntryView.swift */,
				6E6CBE33274A0B55005D7BFE /* SmallRemainProvider.swift */,
				6E6CBE35274A0B86005D7BFE /* SmallRemainEntry.swift */,
				6E6CBE37274A0B9B005D7BFE /* SmallRemainWidget.swift */,
			);
			path = "small-remain-widget";
			sourceTree = "<group>";
		};
		6E6D610427587C6000A0BFD9 /* extensions */ = {
			isa = PBXGroup;
			children = (
				6E6D610527587C6800A0BFD9 /* BundleExtensions.swift */,
				6EBF9BEA275912AF00C70B1A /* ColorExtensions.swift */,
				6E7206C9275B3374009C7AFC /* ViewExtensions.swift */,
				6ECF38C8275E46BA00E013C3 /* UIScreenExtensions.swift */,
			);
			path = extensions;
			sourceTree = "<group>";
		};
		6E6D610B27587F6D00A0BFD9 /* firebase */ = {
			isa = PBXGroup;
			children = (
				6E6D610827587F4300A0BFD9 /* GoogleService-Info-Dev.plist */,
				6E600148260831F0000065C8 /* GoogleService-Info-Prod.plist */,
			);
			path = firebase;
			sourceTree = "<group>";
		};
		6E7206CC275B455F009C7AFC /* medium-horizontal-widget */ = {
			isa = PBXGroup;
			children = (
				6E7206D5275B48A1009C7AFC /* subviews */,
				6E7206CD275B4588009C7AFC /* MediumHorizontalProvider.swift */,
				6E7206CF275B4791009C7AFC /* MediumHorizontalEntry.swift */,
				6E7206D1275B47B0009C7AFC /* MediumHorizontalWidget.swift */,
				6E7206D3275B4801009C7AFC /* MediumHorizontalEntryView.swift */,
			);
			path = "medium-horizontal-widget";
			sourceTree = "<group>";
		};
		6E7206D5275B48A1009C7AFC /* subviews */ = {
			isa = PBXGroup;
			children = (
				6E7206D6275B48C6009C7AFC /* WishHorizontalItemView.swift */,
			);
			path = subviews;
			sourceTree = "<group>";
		};
		6E804287279D256E008A0EB4 /* dto */ = {
			isa = PBXGroup;
			children = (
				6E4AD34B278AACCB00819C43 /* NotificationDTO.swift */,
			);
			path = dto;
			sourceTree = "<group>";
		};
		6E804288279D2578008A0EB4 /* presentation */ = {
			isa = PBXGroup;
			children = (
				6E804289279D260D008A0EB4 /* SeepNotification.swift */,
				6E80428F279D3072008A0EB4 /* HashtagType.swift */,
			);
			path = presentation;
			sourceTree = "<group>";
		};
		6E80428C279D2CEE008A0EB4 /* cells */ = {
			isa = PBXGroup;
			children = (
				6E80428D279D2D07008A0EB4 /* HashtagCollectionViewCell.swift */,
			);
			path = cells;
			sourceTree = "<group>";
		};
		6E875724279BD9A500BAA5BF /* notification */ = {
			isa = PBXGroup;
			children = (
				6E875727279BDDA100BAA5BF /* subviews */,
				6E875725279BD9BC00BAA5BF /* NotificationView.swift */,
				6E87572C279BEB0E00BAA5BF /* NotificationViewController.swift */,
				6E87572E279BEB5B00BAA5BF /* NotificationCoordinator.swift */,
				6E40F695279C2025007D529E /* NotificationReactor.swift */,
			);
			path = notification;
			sourceTree = "<group>";
		};
		6E875727279BDDA100BAA5BF /* subviews */ = {
			isa = PBXGroup;
			children = (
				6E875728279BDDFE00BAA5BF /* NotificationTypeRadioButton.swift */,
				6E87572A279BE65300BAA5BF /* NotificationButtonGropView.swift */,
				6E40F693279C18AC007D529E /* NotificationTimeInputField.swift */,
			);
			path = subviews;
			sourceTree = "<group>";
		};
		6E9AB5342783223D00C6F825 /* subviews */ = {
			isa = PBXGroup;
			children = (
				6E80428C279D2CEE008A0EB4 /* cells */,
				6E69E618260D77200062CBFB /* WriteHashtagField.swift */,
				6E7A9A4A260C6AF8008335DA /* WriteButton.swift */,
				6E9AB5352783226B00C6F825 /* EmojiInputView.swift */,
				6E4C325F2789234200550BBB /* WriteNotificationTableViewCell.swift */,
			);
			path = subviews;
			sourceTree = "<group>";
		};
		6E9ACDF626501A6D00ED39BF /* subviews */ = {
			isa = PBXGroup;
			children = (
				6E091571264F80AB0048EB79 /* ShareTypeButton.swift */,
				6E9ACDF726501AA400ED39BF /* ShareTypeSwitchView.swift */,
			);
			path = subviews;
			sourceTree = "<group>";
		};
		6E9BFEA026453C9C0093CA89 /* manager */ = {
			isa = PBXGroup;
			children = (
				6E9BFEA126453CAC0093CA89 /* NotificationManager.swift */,
			);
			path = manager;
			sourceTree = "<group>";
		};
		6EB50EF426BD548F00F0096E /* widget */ = {
			isa = PBXGroup;
			children = (
				6EB50EF726BD548F00F0096E /* widget.intentdefinition */,
				6EB50EFA26BD549000F0096E /* Info.plist */,
				6EB50EF526BD548F00F0096E /* widget.swift */,
				6EB50EF826BD549000F0096E /* Assets.xcassets */,
				6E6D610427587C6000A0BFD9 /* extensions */,
				6E7206CC275B455F009C7AFC /* medium-horizontal-widget */,
				6EC9BF9B26BE0432007C7708 /* medium-vertical-widget */,
				6E6CBE30274A0088005D7BFE /* small-remain-widget */,
				6EB50F0F26BD6BDA00F0096E /* small-write-widget */,
			);
			path = widget;
			sourceTree = "<group>";
		};
		6EB50F0F26BD6BDA00F0096E /* small-write-widget */ = {
			isa = PBXGroup;
			children = (
				6EB50F0626BD574400F0096E /* SmallWriteEntryView.swift */,
				6EB50F0926BD638C00F0096E /* SmallWriteProvider.swift */,
				6EB50F0B26BD65BF00F0096E /* SmallWriteEntry.swift */,
				6EB50F0D26BD6A6E00F0096E /* SmallWriteWidget.swift */,
				6EF9A6612748E4A8000AE0DD /* SmallWriteWidgetData.swift */,
			);
			path = "small-write-widget";
			sourceTree = "<group>";
		};
		6EC9BF9B26BE0432007C7708 /* medium-vertical-widget */ = {
			isa = PBXGroup;
			children = (
				6EC9BFA326BE084E007C7708 /* subviews */,
				6EB50F0426BD56BA00F0096E /* MediumVerticalProvider.swift */,
				6EC9BF9C26BE0456007C7708 /* MediumVerticalEntry.swift */,
				6EC9BF9E26BE05D8007C7708 /* MediumVerticalWidget.swift */,
				6EC9BFA026BE073B007C7708 /* MediumVerticalEntryView.swift */,
			);
			path = "medium-vertical-widget";
			sourceTree = "<group>";
		};
		6EC9BFA326BE084E007C7708 /* subviews */ = {
			isa = PBXGroup;
			children = (
				6EC9BFA426BE0870007C7708 /* WishlistItemView.swift */,
				6E7206C7275B323D009C7AFC /* DdayView.swift */,
				6E5BD774275CAFBE00DA14E6 /* EmptyView.swift */,
			);
			path = subviews;
			sourceTree = "<group>";
		};
		6ED89713261579AA0005FA29 /* finished */ = {
			isa = PBXGroup;
			children = (
				6E43A5BF2617191A00FB1738 /* cell */,
				6ED89714261579B80005FA29 /* FinishedView.swift */,
				6ED89717261585E10005FA29 /* FinishedVC.swift */,
				6E43A5BC2616C8B500FB1738 /* FinishedReactor.swift */,
			);
			path = finished;
			sourceTree = "<group>";
		};
		6EE1706A264E58D000C3E94B /* share-photo */ = {
			isa = PBXGroup;
			children = (
				6E9ACDF626501A6D00ED39BF /* subviews */,
				6E091573264F86F90048EB79 /* cell */,
				6EE1706B264E58E400C3E94B /* SharePhotoView.swift */,
				6EE1706D264E590F00C3E94B /* SharePhotoVC.swift */,
				6E091576264F99A50048EB79 /* SharePhotoReactor.swift */,
			);
			path = "share-photo";
			sourceTree = "<group>";
		};
		6EE5CE6E25FB1EB500A737DF /* font */ = {
			isa = PBXGroup;
			children = (
				6EE5CE6F25FB1EE100A737DF /* AppleSDGothicNeoEB00.ttf */,
			);
			path = font;
			sourceTree = "<group>";
		};
		6EE5CE7225FB24C900A737DF /* shared */ = {
			isa = PBXGroup;
			children = (
				6E35721A261AF9E9003E18EA /* toast */,
				6EE5CE7325FB24CF00A737DF /* PaddingLabel.swift */,
				6E66A27C25FB587100C0C051 /* TextInputField.swift */,
				6E41F28025FB873500CE1530 /* TextInputView.swift */,
				6E357216261AF273003E18EA /* InputAccessoryView.swift */,
				6E764AE9263FBBE300A99402 /* DdayLabel.swift */,
				6E5DECFD264263F70005487F /* TagLabel.swift */,
				6E5DECFF2642D8FC0005487F /* CategoryView.swift */,
				6E804291279D36A1008A0EB4 /* LeftAlignedCollectionViewFlowLayout.swift */,
			);
			path = shared;
			sourceTree = "<group>";
		};
		6EEED43D25F219000059DBE5 /* cell */ = {
			isa = PBXGroup;
			children = (
				6EEED44425F2227F0059DBE5 /* HomeWishCell.swift */,
				6E60018726084516000065C8 /* HomeWishCollectionCell.swift */,
			);
			path = cell;
			sourceTree = "<group>";
		};
		A59D84F56481B30FACF6A680 /* Frameworks */ = {
			isa = PBXGroup;
			children = (
				C5371AC00B457032AB7ECA28 /* Pods_seep_ios.framework */,
				6EB50EF026BD548F00F0096E /* WidgetKit.framework */,
				6EB50EF226BD548F00F0096E /* SwiftUI.framework */,
				FBE8CBA27EB721434BA62F1A /* Pods_widgetExtension.framework */,
			);
			name = Frameworks;
			sourceTree = "<group>";
		};
		CE354C8B12BC6DA867D129DA /* Pods */ = {
			isa = PBXGroup;
			children = (
				F35ABB390797877B295E73E8 /* Pods-seep-ios.debug.xcconfig */,
				B55E8F409C2C6BD4663E990E /* Pods-seep-ios.release.xcconfig */,
				D6C5969ED35CA98059342290 /* Pods-widgetExtension.debug.xcconfig */,
				F2276600B1C0E60301A0D889 /* Pods-widgetExtension.release.xcconfig */,
			);
			path = Pods;
			sourceTree = "<group>";
		};
/* End PBXGroup section */

/* Begin PBXNativeTarget section */
		6E283AF425F2047900955B57 /* seep-ios */ = {
			isa = PBXNativeTarget;
			buildConfigurationList = 6E283B0925F2047A00955B57 /* Build configuration list for PBXNativeTarget "seep-ios" */;
			buildPhases = (
				707DC633F71B0B56CCB4B569 /* [CP] Check Pods Manifest.lock */,
				6E6D610A27587F4D00A0BFD9 /* Setup Firebase GoogleService-Info */,
				6E283AF125F2047900955B57 /* Sources */,
				6E283AF225F2047900955B57 /* Frameworks */,
				6E283AF325F2047900955B57 /* Resources */,
				F97342ADC6FF9B36E2C0A924 /* [CP] Embed Pods Frameworks */,
				6EB50F0026BD549000F0096E /* Embed App Extensions */,
			);
			buildRules = (
			);
			dependencies = (
				6EB50EFE26BD549000F0096E /* PBXTargetDependency */,
			);
			name = "seep-ios";
			packageProductDependencies = (
				6E74E2072763834E00D872D5 /* RxCocoa */,
				6E74E2092763834E00D872D5 /* RxRelay */,
				6E74E20B2763834E00D872D5 /* RxSwift */,
				6E74E20E2763844E00D872D5 /* Differentiator */,
				6E74E2102763844E00D872D5 /* RxDataSources */,
				6E6203552763878B006B8393 /* SnapKit */,
				6E62035827638846006B8393 /* Kingfisher */,
				6E62035B2763889D006B8393 /* Then */,
				6E62035E276388DE006B8393 /* SwiftyBeaver */,
				6E62036127638996006B8393 /* Lottie */,
				6E62036427638DD5006B8393 /* FirebaseAnalytics */,
				6E62036627638DD5006B8393 /* FirebaseCrashlytics */,
				6E62036827638DD5006B8393 /* FirebaseMessaging */,
				6E7112CF2781870600396CC0 /* ReactorKit */,
			);
			productName = "seep-ios";
			productReference = 6E283AF525F2047900955B57 /* seep-ios.app */;
			productType = "com.apple.product-type.application";
		};
		6EB50EEE26BD548F00F0096E /* widgetExtension */ = {
			isa = PBXNativeTarget;
			buildConfigurationList = 6EB50F0326BD549000F0096E /* Build configuration list for PBXNativeTarget "widgetExtension" */;
			buildPhases = (
				DD04B46ADFCA6C1832C964F8 /* [CP] Check Pods Manifest.lock */,
				6EB50EEB26BD548F00F0096E /* Sources */,
				6EB50EEC26BD548F00F0096E /* Frameworks */,
				6EB50EED26BD548F00F0096E /* Resources */,
			);
			buildRules = (
			);
			dependencies = (
			);
			name = widgetExtension;
			productName = widgetExtension;
			productReference = 6EB50EEF26BD548F00F0096E /* widgetExtension.appex */;
			productType = "com.apple.product-type.app-extension";
		};
/* End PBXNativeTarget section */

/* Begin PBXProject section */
		6E283AED25F2047900955B57 /* Project object */ = {
			isa = PBXProject;
			attributes = {
				LastSwiftUpdateCheck = 1250;
				LastUpgradeCheck = 1240;
				TargetAttributes = {
					6E283AF425F2047900955B57 = {
						CreatedOnToolsVersion = 12.4;
					};
					6EB50EEE26BD548F00F0096E = {
						CreatedOnToolsVersion = 12.5.1;
					};
				};
			};
			buildConfigurationList = 6E283AF025F2047900955B57 /* Build configuration list for PBXProject "seep-ios" */;
			compatibilityVersion = "Xcode 9.3";
			developmentRegion = en;
			hasScannedForEncodings = 0;
			knownRegions = (
				en,
				Base,
			);
			mainGroup = 6E283AEC25F2047900955B57;
			packageReferences = (
				6E74E2062763834E00D872D5 /* XCRemoteSwiftPackageReference "RxSwift" */,
				6E74E20D2763844E00D872D5 /* XCRemoteSwiftPackageReference "RxDataSources" */,
				6E6203542763878B006B8393 /* XCRemoteSwiftPackageReference "SnapKit" */,
				6E62035727638846006B8393 /* XCRemoteSwiftPackageReference "Kingfisher" */,
				6E62035A2763889D006B8393 /* XCRemoteSwiftPackageReference "Then" */,
				6E62035D276388DE006B8393 /* XCRemoteSwiftPackageReference "SwiftyBeaver" */,
				6E62036027638996006B8393 /* XCRemoteSwiftPackageReference "lottie-ios" */,
				6E62036327638DD5006B8393 /* XCRemoteSwiftPackageReference "firebase-ios-sdk" */,
				6E7112CE2781870600396CC0 /* XCRemoteSwiftPackageReference "ReactorKit" */,
			);
			productRefGroup = 6E283AF625F2047900955B57 /* Products */;
			projectDirPath = "";
			projectRoot = "";
			targets = (
				6E283AF425F2047900955B57 /* seep-ios */,
				6EB50EEE26BD548F00F0096E /* widgetExtension */,
			);
		};
/* End PBXProject section */

/* Begin PBXResourcesBuildPhase section */
		6E283AF325F2047900955B57 /* Resources */ = {
			isa = PBXResourcesBuildPhase;
			buildActionMask = 2147483647;
			files = (
				6E5882582658BE730050F0E0 /* splash1.json in Resources */,
				6E6D610927587F4300A0BFD9 /* GoogleService-Info-Dev.plist in Resources */,
				6EE5CE7025FB1EE100A737DF /* AppleSDGothicNeoEB00.ttf in Resources */,
				6E5882572658BE730050F0E0 /* splash3.json in Resources */,
				6E283B0525F2047A00955B57 /* LaunchScreen.storyboard in Resources */,
				6E5882562658BE730050F0E0 /* splash2.json in Resources */,
				6E600149260831F1000065C8 /* GoogleService-Info-Prod.plist in Resources */,
				6E274E6825F20E3F007DC880 /* Localization.strings in Resources */,
				6E283B0225F2047A00955B57 /* Assets.xcassets in Resources */,
			);
			runOnlyForDeploymentPostprocessing = 0;
		};
		6EB50EED26BD548F00F0096E /* Resources */ = {
			isa = PBXResourcesBuildPhase;
			buildActionMask = 2147483647;
			files = (
				6EB50F0826BD5F9C00F0096E /* AppleSDGothicNeoEB00.ttf in Resources */,
				6EC9BFA226BE0830007C7708 /* Assets.xcassets in Resources */,
				6EB50EF926BD549000F0096E /* Assets.xcassets in Resources */,
			);
			runOnlyForDeploymentPostprocessing = 0;
		};
/* End PBXResourcesBuildPhase section */

/* Begin PBXShellScriptBuildPhase section */
		6E6D610A27587F4D00A0BFD9 /* Setup Firebase GoogleService-Info */ = {
			isa = PBXShellScriptBuildPhase;
			buildActionMask = 2147483647;
			files = (
			);
			inputFileListPaths = (
			);
			inputPaths = (
			);
			name = "Setup Firebase GoogleService-Info";
			outputFileListPaths = (
			);
			outputPaths = (
			);
			runOnlyForDeploymentPostprocessing = 0;
			shellPath = /bin/sh;
			shellScript = "# Type a script or drag a script file from your workspace to insert its path.\ncase \"${CONFIGURATION}\" in\n  \"Debug\" )\ncp -r \"$SRCROOT/seep-ios/resources/firebase/GoogleService-Info-Dev.plist\" \"${BUILT_PRODUCTS_DIR}/${PRODUCT_NAME}.app/GoogleService-Info.plist\" ;;\n  \"Release\" )\ncp -r \"$SRCROOT/seep-ios/resources/firebase/GoogleService-Info-Prod.plist\" \"${BUILT_PRODUCTS_DIR}/${PRODUCT_NAME}.app/GoogleService-Info.plist\" ;;\n*)\n;;\nesac\n";
		};
		707DC633F71B0B56CCB4B569 /* [CP] Check Pods Manifest.lock */ = {
			isa = PBXShellScriptBuildPhase;
			buildActionMask = 2147483647;
			files = (
			);
			inputFileListPaths = (
			);
			inputPaths = (
				"${PODS_PODFILE_DIR_PATH}/Podfile.lock",
				"${PODS_ROOT}/Manifest.lock",
			);
			name = "[CP] Check Pods Manifest.lock";
			outputFileListPaths = (
			);
			outputPaths = (
				"$(DERIVED_FILE_DIR)/Pods-seep-ios-checkManifestLockResult.txt",
			);
			runOnlyForDeploymentPostprocessing = 0;
			shellPath = /bin/sh;
			shellScript = "diff \"${PODS_PODFILE_DIR_PATH}/Podfile.lock\" \"${PODS_ROOT}/Manifest.lock\" > /dev/null\nif [ $? != 0 ] ; then\n    # print error to STDERR\n    echo \"error: The sandbox is not in sync with the Podfile.lock. Run 'pod install' or update your CocoaPods installation.\" >&2\n    exit 1\nfi\n# This output is used by Xcode 'outputs' to avoid re-running this script phase.\necho \"SUCCESS\" > \"${SCRIPT_OUTPUT_FILE_0}\"\n";
			showEnvVarsInLog = 0;
		};
		DD04B46ADFCA6C1832C964F8 /* [CP] Check Pods Manifest.lock */ = {
			isa = PBXShellScriptBuildPhase;
			buildActionMask = 2147483647;
			files = (
			);
			inputFileListPaths = (
			);
			inputPaths = (
				"${PODS_PODFILE_DIR_PATH}/Podfile.lock",
				"${PODS_ROOT}/Manifest.lock",
			);
			name = "[CP] Check Pods Manifest.lock";
			outputFileListPaths = (
			);
			outputPaths = (
				"$(DERIVED_FILE_DIR)/Pods-widgetExtension-checkManifestLockResult.txt",
			);
			runOnlyForDeploymentPostprocessing = 0;
			shellPath = /bin/sh;
			shellScript = "diff \"${PODS_PODFILE_DIR_PATH}/Podfile.lock\" \"${PODS_ROOT}/Manifest.lock\" > /dev/null\nif [ $? != 0 ] ; then\n    # print error to STDERR\n    echo \"error: The sandbox is not in sync with the Podfile.lock. Run 'pod install' or update your CocoaPods installation.\" >&2\n    exit 1\nfi\n# This output is used by Xcode 'outputs' to avoid re-running this script phase.\necho \"SUCCESS\" > \"${SCRIPT_OUTPUT_FILE_0}\"\n";
			showEnvVarsInLog = 0;
		};
		F97342ADC6FF9B36E2C0A924 /* [CP] Embed Pods Frameworks */ = {
			isa = PBXShellScriptBuildPhase;
			buildActionMask = 2147483647;
			files = (
			);
			inputFileListPaths = (
				"${PODS_ROOT}/Target Support Files/Pods-seep-ios/Pods-seep-ios-frameworks-${CONFIGURATION}-input-files.xcfilelist",
			);
			name = "[CP] Embed Pods Frameworks";
			outputFileListPaths = (
				"${PODS_ROOT}/Target Support Files/Pods-seep-ios/Pods-seep-ios-frameworks-${CONFIGURATION}-output-files.xcfilelist",
			);
			runOnlyForDeploymentPostprocessing = 0;
			shellPath = /bin/sh;
			shellScript = "\"${PODS_ROOT}/Target Support Files/Pods-seep-ios/Pods-seep-ios-frameworks.sh\"\n";
			showEnvVarsInLog = 0;
		};
/* End PBXShellScriptBuildPhase section */

/* Begin PBXSourcesBuildPhase section */
		6E283AF125F2047900955B57 /* Sources */ = {
			isa = PBXSourcesBuildPhase;
			buildActionMask = 2147483647;
			files = (
				6EB50EFC26BD549000F0096E /* widget.intentdefinition in Sources */,
				6E5DECFE264263F70005487F /* TagLabel.swift in Sources */,
				6E41F28125FB873500CE1530 /* TextInputView.swift in Sources */,
				6E69E62B260DB7640062CBFB /* EditButton.swift in Sources */,
				6EE5CE7825FB301F00A737DF /* HomeReactor.swift in Sources */,
				6E274E5525F20B31007DC880 /* AlertUtils.swift in Sources */,
				6E80428E279D2D07008A0EB4 /* HashtagCollectionViewCell.swift in Sources */,
				6E07528326136D8800041E7B /* PageItemReactor.swift in Sources */,
				6E764AEC263FCAE500A99402 /* EmojiImageVIew.swift in Sources */,
				6E274E7F25F20F58007DC880 /* BaseView.swift in Sources */,
				6E41F28425FB916200CE1530 /* WriteReactor.swift in Sources */,
				6E274E5D25F20D5A007DC880 /* RatioUtils.swift in Sources */,
				6E43A5C12617192600FB1738 /* FinishedTableCell.swift in Sources */,
				6E091579264FA94E0048EB79 /* CommonError.swift in Sources */,
				6E4C32602789234200550BBB /* WriteNotificationTableViewCell.swift in Sources */,
				6E274E7425F20EC6007DC880 /* StringExtension.swift in Sources */,
				6E764AE8263FA96C00A99402 /* UIFontExtension.swift in Sources */,
				6E283AFD25F2047900955B57 /* HomeVC.swift in Sources */,
				6E274E8325F20F8D007DC880 /* BaseVC.swift in Sources */,
				6E66A27225FB416700C0C051 /* ViewType.swift in Sources */,
				6E274E7A25F20EF2007DC880 /* UILabelExtension.swift in Sources */,
				6E441CA12604549F0010A625 /* Wish.swift in Sources */,
				6E875726279BD9BC00BAA5BF /* NotificationView.swift in Sources */,
				6EACBD5D261303540009AB6F /* PageItemView.swift in Sources */,
				6E804290279D3072008A0EB4 /* HashtagType.swift in Sources */,
				6E9ACDF826501AA400ED39BF /* ShareTypeSwitchView.swift in Sources */,
				6E4F5D932657E0BA0061A13C /* SplashVC.swift in Sources */,
				6E60018826084516000065C8 /* HomeWishCollectionCell.swift in Sources */,
				6E441CA526046F9D0010A625 /* WishServices.swift in Sources */,
				6E69FD4826468BDC00F0AB60 /* DateExtensions.swift in Sources */,
				6E40F696279C2025007D529E /* NotificationReactor.swift in Sources */,
				6E357217261AF273003E18EA /* InputAccessoryView.swift in Sources */,
				6E66A27725FB45C500C0C051 /* WriteView.swift in Sources */,
				6E875729279BDDFE00BAA5BF /* NotificationTypeRadioButton.swift in Sources */,
				6E7FDDA026269C8C0066B8A9 /* FeedbackUtils.swift in Sources */,
				6E764AEA263FBBE300A99402 /* DdayLabel.swift in Sources */,
				6E5DED002642D8FC0005487F /* CategoryView.swift in Sources */,
				6E43A5C426171D3C00FB1738 /* FinishedCollectionView.swift in Sources */,
				6E87572F279BEB5B00BAA5BF /* NotificationCoordinator.swift in Sources */,
				6E40F694279C18AC007D529E /* NotificationTimeInputField.swift in Sources */,
				6EE1706C264E58E400C3E94B /* SharePhotoView.swift in Sources */,
				6E43A5BD2616C8B500FB1738 /* FinishedReactor.swift in Sources */,
				6EACBD5A2613034A0009AB6F /* PageItemVC.swift in Sources */,
				6E091577264F99A50048EB79 /* SharePhotoReactor.swift in Sources */,
				6E69E619260D77200062CBFB /* WriteHashtagField.swift in Sources */,
				6E804292279D36A1008A0EB4 /* LeftAlignedCollectionViewFlowLayout.swift in Sources */,
				6E274E5925F20D31007DC880 /* UserDefaultsUtils.swift in Sources */,
				6E6D610327587B8C00A0BFD9 /* BundleExtensions.swift in Sources */,
				6E66A27D25FB587100C0C051 /* TextInputField.swift in Sources */,
				6E274E6025F20D73007DC880 /* DateUtils.swift in Sources */,
				6ED89715261579B80005FA29 /* FinishedView.swift in Sources */,
				6E091575264F87070048EB79 /* SharePhotoCell.swift in Sources */,
				6E69E62E260DBACA0062CBFB /* DetailReactor.swift in Sources */,
				6E69E620260D991B0062CBFB /* DetailView.swift in Sources */,
				6E69E624260D9E630062CBFB /* DetailVC.swift in Sources */,
				6E9AB5362783226B00C6F825 /* EmojiInputView.swift in Sources */,
				6E80428A279D260D008A0EB4 /* SeepNotification.swift in Sources */,
				6E87572D279BEB0E00BAA5BF /* NotificationViewController.swift in Sources */,
				6E9BFEA226453CAC0093CA89 /* NotificationManager.swift in Sources */,
				6E764AEE263FCB4700A99402 /* UIImageExtension.swift in Sources */,
				6EE5CE7425FB24CF00A737DF /* PaddingLabel.swift in Sources */,
				6E35721C261AF9F7003E18EA /* ToastView.swift in Sources */,
				6E7A9A4B260C6AF8008335DA /* WriteButton.swift in Sources */,
				6E274E8925F20FE5007DC880 /* BaseCollectionViewCell.swift in Sources */,
				6E4F5D8E2657DF580061A13C /* SplashView.swift in Sources */,
				6E36A48A278AE59500F6D3B5 /* BaseCoordinator.swift in Sources */,
				6E091572264F80AB0048EB79 /* ShareTypeButton.swift in Sources */,
				6EE5CE6C25FB191800A737DF /* UIButtonExtension.swift in Sources */,
				6E274E7725F20EE4007DC880 /* UIImageViewExtension.swift in Sources */,
				6E274E7125F20EB3007DC880 /* UIColorExtension.swift in Sources */,
				6E36A488278AE4F000F6D3B5 /* WriteCoordinator.swift in Sources */,
				6E283AF925F2047900955B57 /* AppDelegate.swift in Sources */,
				6EE1706E264E590F00C3E94B /* SharePhotoVC.swift in Sources */,
				6E66A27A25FB489000C0C051 /* WriteViewController.swift in Sources */,
				6E87572B279BE65300BAA5BF /* NotificationButtonGropView.swift in Sources */,
				6E274E6E25F20EA0007DC880 /* UIViewExtension.swift in Sources */,
				6E274E8625F20FC0007DC880 /* BaseTableViewCell.swift in Sources */,
				6EEED44525F2227F0059DBE5 /* HomeWishCell.swift in Sources */,
				6ED89718261585E10005FA29 /* FinishedVC.swift in Sources */,
				6E4AD34C278AACCB00819C43 /* NotificationDTO.swift in Sources */,
				6E283AFB25F2047900955B57 /* SceneDelegate.swift in Sources */,
				6E274E8E25F21506007DC880 /* HomeView.swift in Sources */,
				6E66A26F25FB40BD00C0C051 /* Category.swift in Sources */,
			);
			runOnlyForDeploymentPostprocessing = 0;
		};
		6EB50EEB26BD548F00F0096E /* Sources */ = {
			isa = PBXSourcesBuildPhase;
			buildActionMask = 2147483647;
			files = (
				6E7206CB275B3696009C7AFC /* DateExtensions.swift in Sources */,
				6E7206CA275B3374009C7AFC /* ViewExtensions.swift in Sources */,
				6E7206D7275B48C6009C7AFC /* WishHorizontalItemView.swift in Sources */,
				6EC9BFA526BE0870007C7708 /* WishlistItemView.swift in Sources */,
				6E40F697279C2258007D529E /* StringExtension.swift in Sources */,
				6EC9BF9F26BE05D8007C7708 /* MediumVerticalWidget.swift in Sources */,
				6E6CBE38274A0B9B005D7BFE /* SmallRemainWidget.swift in Sources */,
				6E5BD775275CAFBE00DA14E6 /* EmptyView.swift in Sources */,
				6E6CBE3B274A2B53005D7BFE /* Wish.swift in Sources */,
				6E7206D2275B47B0009C7AFC /* MediumHorizontalWidget.swift in Sources */,
				6E6CBE34274A0B55005D7BFE /* SmallRemainProvider.swift in Sources */,
				6EB50F0C26BD65BF00F0096E /* SmallWriteEntry.swift in Sources */,
				6EB50EFB26BD549000F0096E /* widget.intentdefinition in Sources */,
				6E80428B279D26B0008A0EB4 /* SeepNotification.swift in Sources */,
				6EB50F0726BD574400F0096E /* SmallWriteEntryView.swift in Sources */,
				6E7206D0275B4791009C7AFC /* MediumHorizontalEntry.swift in Sources */,
				6E7206C8275B323D009C7AFC /* DdayView.swift in Sources */,
				6EB50F0526BD56BA00F0096E /* MediumVerticalProvider.swift in Sources */,
				6EB50F0E26BD6A6E00F0096E /* SmallWriteWidget.swift in Sources */,
				6ECF38C9275E46BA00E013C3 /* UIScreenExtensions.swift in Sources */,
				6E6CBE3C274A2B67005D7BFE /* Category.swift in Sources */,
				6EBF9BEB275912AF00C70B1A /* ColorExtensions.swift in Sources */,
				6E6CBE36274A0B86005D7BFE /* SmallRemainEntry.swift in Sources */,
				6EC9BFA126BE073B007C7708 /* MediumVerticalEntryView.swift in Sources */,
				6EB50F0A26BD638C00F0096E /* SmallWriteProvider.swift in Sources */,
				6E6CBE32274A0111005D7BFE /* SmallRemainEntryView.swift in Sources */,
				6EB50EF626BD548F00F0096E /* widget.swift in Sources */,
				6E6D610727587C8500A0BFD9 /* BundleExtensions.swift in Sources */,
				6E4AD34D278ABE1100819C43 /* NotificationDTO.swift in Sources */,
				6EC9BF9D26BE0456007C7708 /* MediumVerticalEntry.swift in Sources */,
				6EF9A6622748E4A8000AE0DD /* SmallWriteWidgetData.swift in Sources */,
				6E7206D4275B4801009C7AFC /* MediumHorizontalEntryView.swift in Sources */,
				6E7206CE275B4588009C7AFC /* MediumHorizontalProvider.swift in Sources */,
			);
			runOnlyForDeploymentPostprocessing = 0;
		};
/* End PBXSourcesBuildPhase section */

/* Begin PBXTargetDependency section */
		6EB50EFE26BD549000F0096E /* PBXTargetDependency */ = {
			isa = PBXTargetDependency;
			target = 6EB50EEE26BD548F00F0096E /* widgetExtension */;
			targetProxy = 6EB50EFD26BD549000F0096E /* PBXContainerItemProxy */;
		};
/* End PBXTargetDependency section */

/* Begin PBXVariantGroup section */
		6E274E6A25F20E3F007DC880 /* Localization.strings */ = {
			isa = PBXVariantGroup;
			children = (
				6E274E6925F20E3F007DC880 /* en */,
			);
			name = Localization.strings;
			sourceTree = "<group>";
		};
		6E283B0325F2047A00955B57 /* LaunchScreen.storyboard */ = {
			isa = PBXVariantGroup;
			children = (
				6E283B0425F2047A00955B57 /* Base */,
			);
			name = LaunchScreen.storyboard;
			sourceTree = "<group>";
		};
/* End PBXVariantGroup section */

/* Begin XCBuildConfiguration section */
		6E283B0725F2047A00955B57 /* Debug */ = {
			isa = XCBuildConfiguration;
			buildSettings = {
				ALWAYS_SEARCH_USER_PATHS = NO;
				CLANG_ANALYZER_NONNULL = YES;
				CLANG_ANALYZER_NUMBER_OBJECT_CONVERSION = YES_AGGRESSIVE;
				CLANG_CXX_LANGUAGE_STANDARD = "gnu++14";
				CLANG_CXX_LIBRARY = "libc++";
				CLANG_ENABLE_MODULES = YES;
				CLANG_ENABLE_OBJC_ARC = YES;
				CLANG_ENABLE_OBJC_WEAK = YES;
				CLANG_WARN_BLOCK_CAPTURE_AUTORELEASING = YES;
				CLANG_WARN_BOOL_CONVERSION = YES;
				CLANG_WARN_COMMA = YES;
				CLANG_WARN_CONSTANT_CONVERSION = YES;
				CLANG_WARN_DEPRECATED_OBJC_IMPLEMENTATIONS = YES;
				CLANG_WARN_DIRECT_OBJC_ISA_USAGE = YES_ERROR;
				CLANG_WARN_DOCUMENTATION_COMMENTS = YES;
				CLANG_WARN_EMPTY_BODY = YES;
				CLANG_WARN_ENUM_CONVERSION = YES;
				CLANG_WARN_INFINITE_RECURSION = YES;
				CLANG_WARN_INT_CONVERSION = YES;
				CLANG_WARN_NON_LITERAL_NULL_CONVERSION = YES;
				CLANG_WARN_OBJC_IMPLICIT_RETAIN_SELF = YES;
				CLANG_WARN_OBJC_LITERAL_CONVERSION = YES;
				CLANG_WARN_OBJC_ROOT_CLASS = YES_ERROR;
				CLANG_WARN_QUOTED_INCLUDE_IN_FRAMEWORK_HEADER = YES;
				CLANG_WARN_RANGE_LOOP_ANALYSIS = YES;
				CLANG_WARN_STRICT_PROTOTYPES = YES;
				CLANG_WARN_SUSPICIOUS_MOVE = YES;
				CLANG_WARN_UNGUARDED_AVAILABILITY = YES_AGGRESSIVE;
				CLANG_WARN_UNREACHABLE_CODE = YES;
				CLANG_WARN__DUPLICATE_METHOD_MATCH = YES;
				COPY_PHASE_STRIP = NO;
				DEBUG_INFORMATION_FORMAT = dwarf;
				ENABLE_STRICT_OBJC_MSGSEND = YES;
				ENABLE_TESTABILITY = YES;
				GCC_C_LANGUAGE_STANDARD = gnu11;
				GCC_DYNAMIC_NO_PIC = NO;
				GCC_NO_COMMON_BLOCKS = YES;
				GCC_OPTIMIZATION_LEVEL = 0;
				GCC_PREPROCESSOR_DEFINITIONS = (
					"DEBUG=1",
					"$(inherited)",
				);
				GCC_WARN_64_TO_32_BIT_CONVERSION = YES;
				GCC_WARN_ABOUT_RETURN_TYPE = YES_ERROR;
				GCC_WARN_UNDECLARED_SELECTOR = YES;
				GCC_WARN_UNINITIALIZED_AUTOS = YES_AGGRESSIVE;
				GCC_WARN_UNUSED_FUNCTION = YES;
				GCC_WARN_UNUSED_VARIABLE = YES;
				IPHONEOS_DEPLOYMENT_TARGET = 14.4;
				MTL_ENABLE_DEBUG_INFO = INCLUDE_SOURCE;
				MTL_FAST_MATH = YES;
				ONLY_ACTIVE_ARCH = YES;
				SDKROOT = iphoneos;
				SWIFT_ACTIVE_COMPILATION_CONDITIONS = DEBUG;
				SWIFT_OPTIMIZATION_LEVEL = "-Onone";
			};
			name = Debug;
		};
		6E283B0825F2047A00955B57 /* Release */ = {
			isa = XCBuildConfiguration;
			buildSettings = {
				ALWAYS_SEARCH_USER_PATHS = NO;
				CLANG_ANALYZER_NONNULL = YES;
				CLANG_ANALYZER_NUMBER_OBJECT_CONVERSION = YES_AGGRESSIVE;
				CLANG_CXX_LANGUAGE_STANDARD = "gnu++14";
				CLANG_CXX_LIBRARY = "libc++";
				CLANG_ENABLE_MODULES = YES;
				CLANG_ENABLE_OBJC_ARC = YES;
				CLANG_ENABLE_OBJC_WEAK = YES;
				CLANG_WARN_BLOCK_CAPTURE_AUTORELEASING = YES;
				CLANG_WARN_BOOL_CONVERSION = YES;
				CLANG_WARN_COMMA = YES;
				CLANG_WARN_CONSTANT_CONVERSION = YES;
				CLANG_WARN_DEPRECATED_OBJC_IMPLEMENTATIONS = YES;
				CLANG_WARN_DIRECT_OBJC_ISA_USAGE = YES_ERROR;
				CLANG_WARN_DOCUMENTATION_COMMENTS = YES;
				CLANG_WARN_EMPTY_BODY = YES;
				CLANG_WARN_ENUM_CONVERSION = YES;
				CLANG_WARN_INFINITE_RECURSION = YES;
				CLANG_WARN_INT_CONVERSION = YES;
				CLANG_WARN_NON_LITERAL_NULL_CONVERSION = YES;
				CLANG_WARN_OBJC_IMPLICIT_RETAIN_SELF = YES;
				CLANG_WARN_OBJC_LITERAL_CONVERSION = YES;
				CLANG_WARN_OBJC_ROOT_CLASS = YES_ERROR;
				CLANG_WARN_QUOTED_INCLUDE_IN_FRAMEWORK_HEADER = YES;
				CLANG_WARN_RANGE_LOOP_ANALYSIS = YES;
				CLANG_WARN_STRICT_PROTOTYPES = YES;
				CLANG_WARN_SUSPICIOUS_MOVE = YES;
				CLANG_WARN_UNGUARDED_AVAILABILITY = YES_AGGRESSIVE;
				CLANG_WARN_UNREACHABLE_CODE = YES;
				CLANG_WARN__DUPLICATE_METHOD_MATCH = YES;
				COPY_PHASE_STRIP = NO;
				DEBUG_INFORMATION_FORMAT = "dwarf-with-dsym";
				ENABLE_NS_ASSERTIONS = NO;
				ENABLE_STRICT_OBJC_MSGSEND = YES;
				GCC_C_LANGUAGE_STANDARD = gnu11;
				GCC_NO_COMMON_BLOCKS = YES;
				GCC_WARN_64_TO_32_BIT_CONVERSION = YES;
				GCC_WARN_ABOUT_RETURN_TYPE = YES_ERROR;
				GCC_WARN_UNDECLARED_SELECTOR = YES;
				GCC_WARN_UNINITIALIZED_AUTOS = YES_AGGRESSIVE;
				GCC_WARN_UNUSED_FUNCTION = YES;
				GCC_WARN_UNUSED_VARIABLE = YES;
				IPHONEOS_DEPLOYMENT_TARGET = 14.4;
				MTL_ENABLE_DEBUG_INFO = NO;
				MTL_FAST_MATH = YES;
				SDKROOT = iphoneos;
				SWIFT_COMPILATION_MODE = wholemodule;
				SWIFT_OPTIMIZATION_LEVEL = "-O";
				VALIDATE_PRODUCT = YES;
			};
			name = Release;
		};
		6E283B0A25F2047A00955B57 /* Debug */ = {
			isa = XCBuildConfiguration;
			baseConfigurationReference = F35ABB390797877B295E73E8 /* Pods-seep-ios.debug.xcconfig */;
			buildSettings = {
				ALWAYS_EMBED_SWIFT_STANDARD_LIBRARIES = YES;
				ASSETCATALOG_COMPILER_APPICON_NAME = AppIcon;
				ASSETCATALOG_COMPILER_GLOBAL_ACCENT_COLOR_NAME = AccentColor;
				CODE_SIGN_ENTITLEMENTS = "seep-ios/seep-ios.entitlements";
				CODE_SIGN_IDENTITY = "Apple Development";
				CODE_SIGN_STYLE = Automatic;
				CURRENT_PROJECT_VERSION = 1;
				DEVELOPMENT_TEAM = X975A2HM62;
				DISPLAY_NAME = "싶Dev";
				INFOPLIST_FILE = "seep-ios/Info.plist";
				IPHONEOS_DEPLOYMENT_TARGET = 14.1;
				LD_RUNPATH_SEARCH_PATHS = (
					"$(inherited)",
					"@executable_path/Frameworks",
				);
				MARKETING_VERSION = 1.2.1;
				PRODUCT_BUNDLE_IDENTIFIER = "macgongmon.seep-ios.dev";
				PRODUCT_NAME = "$(TARGET_NAME)";
				PROVISIONING_PROFILE_SPECIFIER = "";
				REALM_NAME = dev.realm;
				SWIFT_VERSION = 5.0;
				TARGETED_DEVICE_FAMILY = 1;
			};
			name = Debug;
		};
		6E283B0B25F2047A00955B57 /* Release */ = {
			isa = XCBuildConfiguration;
			baseConfigurationReference = B55E8F409C2C6BD4663E990E /* Pods-seep-ios.release.xcconfig */;
			buildSettings = {
				ALWAYS_EMBED_SWIFT_STANDARD_LIBRARIES = YES;
				ASSETCATALOG_COMPILER_APPICON_NAME = AppIcon;
				ASSETCATALOG_COMPILER_GLOBAL_ACCENT_COLOR_NAME = AccentColor;
				CODE_SIGN_ENTITLEMENTS = "seep-ios/seep-ios.entitlements";
				CODE_SIGN_IDENTITY = "Apple Development";
				CODE_SIGN_STYLE = Automatic;
				CURRENT_PROJECT_VERSION = 1;
				DEVELOPMENT_TEAM = X975A2HM62;
				DISPLAY_NAME = "싶";
				INFOPLIST_FILE = "seep-ios/Info.plist";
				IPHONEOS_DEPLOYMENT_TARGET = 14.1;
				LD_RUNPATH_SEARCH_PATHS = (
					"$(inherited)",
					"@executable_path/Frameworks",
				);
				MARKETING_VERSION = 1.2.1;
				PRODUCT_BUNDLE_IDENTIFIER = "macgongmon.seep-ios";
				PRODUCT_NAME = "$(TARGET_NAME)";
				PROVISIONING_PROFILE_SPECIFIER = "";
				REALM_NAME = default.realm;
				SWIFT_VERSION = 5.0;
				TARGETED_DEVICE_FAMILY = 1;
			};
			name = Release;
		};
		6EB50F0126BD549000F0096E /* Debug */ = {
			isa = XCBuildConfiguration;
			baseConfigurationReference = D6C5969ED35CA98059342290 /* Pods-widgetExtension.debug.xcconfig */;
			buildSettings = {
				ASSETCATALOG_COMPILER_GLOBAL_ACCENT_COLOR_NAME = AccentColor;
				ASSETCATALOG_COMPILER_WIDGET_BACKGROUND_COLOR_NAME = WidgetBackground;
				CODE_SIGN_ENTITLEMENTS = widgetExtension.entitlements;
				CODE_SIGN_IDENTITY = "Apple Development";
				CODE_SIGN_STYLE = Automatic;
				CURRENT_PROJECT_VERSION = 1;
				DEVELOPMENT_TEAM = X975A2HM62;
				INFOPLIST_FILE = widget/Info.plist;
				IPHONEOS_DEPLOYMENT_TARGET = 14.5;
				LD_RUNPATH_SEARCH_PATHS = (
					"$(inherited)",
					"@executable_path/Frameworks",
					"@executable_path/../../Frameworks",
				);
				MARKETING_VERSION = 1.2.1;
				PRODUCT_BUNDLE_IDENTIFIER = "macgongmon.seep-ios.dev.widget";
				PRODUCT_NAME = "$(TARGET_NAME)";
				REALM_NAME = dev.realm;
				SKIP_INSTALL = YES;
				SWIFT_VERSION = 5.0;
				TARGETED_DEVICE_FAMILY = 1;
			};
			name = Debug;
		};
		6EB50F0226BD549000F0096E /* Release */ = {
			isa = XCBuildConfiguration;
			baseConfigurationReference = F2276600B1C0E60301A0D889 /* Pods-widgetExtension.release.xcconfig */;
			buildSettings = {
				ASSETCATALOG_COMPILER_GLOBAL_ACCENT_COLOR_NAME = AccentColor;
				ASSETCATALOG_COMPILER_WIDGET_BACKGROUND_COLOR_NAME = WidgetBackground;
				CODE_SIGN_ENTITLEMENTS = widgetExtension.entitlements;
				CODE_SIGN_IDENTITY = "Apple Development";
				CODE_SIGN_STYLE = Automatic;
				CURRENT_PROJECT_VERSION = 1;
				DEVELOPMENT_TEAM = X975A2HM62;
				INFOPLIST_FILE = widget/Info.plist;
				IPHONEOS_DEPLOYMENT_TARGET = 14.5;
				LD_RUNPATH_SEARCH_PATHS = (
					"$(inherited)",
					"@executable_path/Frameworks",
					"@executable_path/../../Frameworks",
				);
				MARKETING_VERSION = 1.2.1;
				PRODUCT_BUNDLE_IDENTIFIER = "macgongmon.seep-ios.widget";
				PRODUCT_NAME = "$(TARGET_NAME)";
				REALM_NAME = default.realm;
				SKIP_INSTALL = YES;
				SWIFT_VERSION = 5.0;
				TARGETED_DEVICE_FAMILY = 1;
			};
			name = Release;
		};
/* End XCBuildConfiguration section */

/* Begin XCConfigurationList section */
		6E283AF025F2047900955B57 /* Build configuration list for PBXProject "seep-ios" */ = {
			isa = XCConfigurationList;
			buildConfigurations = (
				6E283B0725F2047A00955B57 /* Debug */,
				6E283B0825F2047A00955B57 /* Release */,
			);
			defaultConfigurationIsVisible = 0;
			defaultConfigurationName = Release;
		};
		6E283B0925F2047A00955B57 /* Build configuration list for PBXNativeTarget "seep-ios" */ = {
			isa = XCConfigurationList;
			buildConfigurations = (
				6E283B0A25F2047A00955B57 /* Debug */,
				6E283B0B25F2047A00955B57 /* Release */,
			);
			defaultConfigurationIsVisible = 0;
			defaultConfigurationName = Release;
		};
		6EB50F0326BD549000F0096E /* Build configuration list for PBXNativeTarget "widgetExtension" */ = {
			isa = XCConfigurationList;
			buildConfigurations = (
				6EB50F0126BD549000F0096E /* Debug */,
				6EB50F0226BD549000F0096E /* Release */,
			);
			defaultConfigurationIsVisible = 0;
			defaultConfigurationName = Release;
		};
/* End XCConfigurationList section */

/* Begin XCRemoteSwiftPackageReference section */
		6E6203542763878B006B8393 /* XCRemoteSwiftPackageReference "SnapKit" */ = {
			isa = XCRemoteSwiftPackageReference;
			repositoryURL = "https://github.com/SnapKit/SnapKit.git";
			requirement = {
				kind = upToNextMajorVersion;
				minimumVersion = 5.0.1;
			};
		};
		6E62035727638846006B8393 /* XCRemoteSwiftPackageReference "Kingfisher" */ = {
			isa = XCRemoteSwiftPackageReference;
			repositoryURL = "https://github.com/onevcat/Kingfisher.git";
			requirement = {
				kind = upToNextMajorVersion;
				minimumVersion = 7.0.0;
			};
		};
		6E62035A2763889D006B8393 /* XCRemoteSwiftPackageReference "Then" */ = {
			isa = XCRemoteSwiftPackageReference;
			repositoryURL = "https://github.com/devxoul/Then";
			requirement = {
				kind = upToNextMajorVersion;
				minimumVersion = 2.0.0;
			};
		};
		6E62035D276388DE006B8393 /* XCRemoteSwiftPackageReference "SwiftyBeaver" */ = {
			isa = XCRemoteSwiftPackageReference;
			repositoryURL = "https://github.com/SwiftyBeaver/SwiftyBeaver.git";
			requirement = {
				kind = upToNextMajorVersion;
				minimumVersion = 1.9.0;
			};
		};
		6E62036027638996006B8393 /* XCRemoteSwiftPackageReference "lottie-ios" */ = {
			isa = XCRemoteSwiftPackageReference;
			repositoryURL = "https://github.com/airbnb/lottie-ios.git";
			requirement = {
				kind = upToNextMajorVersion;
				minimumVersion = 3.0.0;
			};
		};
		6E62036327638DD5006B8393 /* XCRemoteSwiftPackageReference "firebase-ios-sdk" */ = {
			isa = XCRemoteSwiftPackageReference;
			repositoryURL = "https://github.com/firebase/firebase-ios-sdk";
			requirement = {
				kind = upToNextMajorVersion;
				minimumVersion = 8.0.0;
			};
		};
		6E7112CE2781870600396CC0 /* XCRemoteSwiftPackageReference "ReactorKit" */ = {
			isa = XCRemoteSwiftPackageReference;
			repositoryURL = "https://github.com/ReactorKit/ReactorKit.git";
			requirement = {
				kind = upToNextMajorVersion;
				minimumVersion = 3.1.0;
			};
		};
		6E74E2062763834E00D872D5 /* XCRemoteSwiftPackageReference "RxSwift" */ = {
			isa = XCRemoteSwiftPackageReference;
			repositoryURL = "https://github.com/ReactiveX/RxSwift.git";
			requirement = {
				kind = upToNextMajorVersion;
				minimumVersion = 6.2.0;
			};
		};
		6E74E20D2763844E00D872D5 /* XCRemoteSwiftPackageReference "RxDataSources" */ = {
			isa = XCRemoteSwiftPackageReference;
			repositoryURL = "https://github.com/RxSwiftCommunity/RxDataSources.git";
			requirement = {
				kind = upToNextMajorVersion;
				minimumVersion = 5.0.0;
			};
		};
/* End XCRemoteSwiftPackageReference section */

/* Begin XCSwiftPackageProductDependency section */
		6E6203552763878B006B8393 /* SnapKit */ = {
			isa = XCSwiftPackageProductDependency;
			package = 6E6203542763878B006B8393 /* XCRemoteSwiftPackageReference "SnapKit" */;
			productName = SnapKit;
		};
		6E62035827638846006B8393 /* Kingfisher */ = {
			isa = XCSwiftPackageProductDependency;
			package = 6E62035727638846006B8393 /* XCRemoteSwiftPackageReference "Kingfisher" */;
			productName = Kingfisher;
		};
		6E62035B2763889D006B8393 /* Then */ = {
			isa = XCSwiftPackageProductDependency;
			package = 6E62035A2763889D006B8393 /* XCRemoteSwiftPackageReference "Then" */;
			productName = Then;
		};
		6E62035E276388DE006B8393 /* SwiftyBeaver */ = {
			isa = XCSwiftPackageProductDependency;
			package = 6E62035D276388DE006B8393 /* XCRemoteSwiftPackageReference "SwiftyBeaver" */;
			productName = SwiftyBeaver;
		};
		6E62036127638996006B8393 /* Lottie */ = {
			isa = XCSwiftPackageProductDependency;
			package = 6E62036027638996006B8393 /* XCRemoteSwiftPackageReference "lottie-ios" */;
			productName = Lottie;
		};
		6E62036427638DD5006B8393 /* FirebaseAnalytics */ = {
			isa = XCSwiftPackageProductDependency;
			package = 6E62036327638DD5006B8393 /* XCRemoteSwiftPackageReference "firebase-ios-sdk" */;
			productName = FirebaseAnalytics;
		};
		6E62036627638DD5006B8393 /* FirebaseCrashlytics */ = {
			isa = XCSwiftPackageProductDependency;
			package = 6E62036327638DD5006B8393 /* XCRemoteSwiftPackageReference "firebase-ios-sdk" */;
			productName = FirebaseCrashlytics;
		};
		6E62036827638DD5006B8393 /* FirebaseMessaging */ = {
			isa = XCSwiftPackageProductDependency;
			package = 6E62036327638DD5006B8393 /* XCRemoteSwiftPackageReference "firebase-ios-sdk" */;
			productName = FirebaseMessaging;
		};
		6E7112CF2781870600396CC0 /* ReactorKit */ = {
			isa = XCSwiftPackageProductDependency;
			package = 6E7112CE2781870600396CC0 /* XCRemoteSwiftPackageReference "ReactorKit" */;
			productName = ReactorKit;
		};
		6E74E2072763834E00D872D5 /* RxCocoa */ = {
			isa = XCSwiftPackageProductDependency;
			package = 6E74E2062763834E00D872D5 /* XCRemoteSwiftPackageReference "RxSwift" */;
			productName = RxCocoa;
		};
		6E74E2092763834E00D872D5 /* RxRelay */ = {
			isa = XCSwiftPackageProductDependency;
			package = 6E74E2062763834E00D872D5 /* XCRemoteSwiftPackageReference "RxSwift" */;
			productName = RxRelay;
		};
		6E74E20B2763834E00D872D5 /* RxSwift */ = {
			isa = XCSwiftPackageProductDependency;
			package = 6E74E2062763834E00D872D5 /* XCRemoteSwiftPackageReference "RxSwift" */;
			productName = RxSwift;
		};
		6E74E20E2763844E00D872D5 /* Differentiator */ = {
			isa = XCSwiftPackageProductDependency;
			package = 6E74E20D2763844E00D872D5 /* XCRemoteSwiftPackageReference "RxDataSources" */;
			productName = Differentiator;
		};
		6E74E2102763844E00D872D5 /* RxDataSources */ = {
			isa = XCSwiftPackageProductDependency;
			package = 6E74E20D2763844E00D872D5 /* XCRemoteSwiftPackageReference "RxDataSources" */;
			productName = RxDataSources;
		};
/* End XCSwiftPackageProductDependency section */
	};
	rootObject = 6E283AED25F2047900955B57 /* Project object */;
}
