// !$*UTF8*$!
{
	archiveVersion = 1;
	classes = {
	};
	objectVersion = 51;
	objects = {

/* Begin PBXBuildFile section */
		57520E3E4D945BA16284EE99 /* Pods_seep_ios.framework in Frameworks */ = {isa = PBXBuildFile; fileRef = C5371AC00B457032AB7ECA28 /* Pods_seep_ios.framework */; };
		6E274E5525F20B31007DC880 /* AlertUtils.swift in Sources */ = {isa = PBXBuildFile; fileRef = 6E274E5425F20B31007DC880 /* AlertUtils.swift */; };
		6E274E5925F20D31007DC880 /* UserDefaultsUtils.swift in Sources */ = {isa = PBXBuildFile; fileRef = 6E274E5825F20D31007DC880 /* UserDefaultsUtils.swift */; };
		6E274E5D25F20D5A007DC880 /* RatioUtils.swift in Sources */ = {isa = PBXBuildFile; fileRef = 6E274E5C25F20D5A007DC880 /* RatioUtils.swift */; };
		6E274E6025F20D73007DC880 /* DateUtils.swift in Sources */ = {isa = PBXBuildFile; fileRef = 6E274E5F25F20D73007DC880 /* DateUtils.swift */; };
		6E274E6825F20E3F007DC880 /* Localization.strings in Resources */ = {isa = PBXBuildFile; fileRef = 6E274E6A25F20E3F007DC880 /* Localization.strings */; };
		6E274E6E25F20EA0007DC880 /* UIViewExtension.swift in Sources */ = {isa = PBXBuildFile; fileRef = 6E274E6D25F20EA0007DC880 /* UIViewExtension.swift */; };
		6E274E7125F20EB3007DC880 /* UIColorExtension.swift in Sources */ = {isa = PBXBuildFile; fileRef = 6E274E7025F20EB3007DC880 /* UIColorExtension.swift */; };
		6E274E7425F20EC6007DC880 /* StringExtension.swift in Sources */ = {isa = PBXBuildFile; fileRef = 6E274E7325F20EC6007DC880 /* StringExtension.swift */; };
		6E274E7725F20EE4007DC880 /* UIImageViewExtension.swift in Sources */ = {isa = PBXBuildFile; fileRef = 6E274E7625F20EE4007DC880 /* UIImageViewExtension.swift */; };
		6E274E7A25F20EF2007DC880 /* UILabelExtension.swift in Sources */ = {isa = PBXBuildFile; fileRef = 6E274E7925F20EF2007DC880 /* UILabelExtension.swift */; };
		6E283AF925F2047900955B57 /* AppDelegate.swift in Sources */ = {isa = PBXBuildFile; fileRef = 6E283AF825F2047900955B57 /* AppDelegate.swift */; };
		6E283AFB25F2047900955B57 /* SceneDelegate.swift in Sources */ = {isa = PBXBuildFile; fileRef = 6E283AFA25F2047900955B57 /* SceneDelegate.swift */; };
		6E283AFD25F2047900955B57 /* ViewController.swift in Sources */ = {isa = PBXBuildFile; fileRef = 6E283AFC25F2047900955B57 /* ViewController.swift */; };
		6E283B0225F2047A00955B57 /* Assets.xcassets in Resources */ = {isa = PBXBuildFile; fileRef = 6E283B0125F2047A00955B57 /* Assets.xcassets */; };
		6E283B0525F2047A00955B57 /* LaunchScreen.storyboard in Resources */ = {isa = PBXBuildFile; fileRef = 6E283B0325F2047A00955B57 /* LaunchScreen.storyboard */; };
/* End PBXBuildFile section */

/* Begin PBXFileReference section */
		6E274E5425F20B31007DC880 /* AlertUtils.swift */ = {isa = PBXFileReference; lastKnownFileType = sourcecode.swift; path = AlertUtils.swift; sourceTree = "<group>"; };
		6E274E5825F20D31007DC880 /* UserDefaultsUtils.swift */ = {isa = PBXFileReference; lastKnownFileType = sourcecode.swift; path = UserDefaultsUtils.swift; sourceTree = "<group>"; };
		6E274E5C25F20D5A007DC880 /* RatioUtils.swift */ = {isa = PBXFileReference; lastKnownFileType = sourcecode.swift; path = RatioUtils.swift; sourceTree = "<group>"; };
		6E274E5F25F20D73007DC880 /* DateUtils.swift */ = {isa = PBXFileReference; lastKnownFileType = sourcecode.swift; path = DateUtils.swift; sourceTree = "<group>"; };
		6E274E6925F20E3F007DC880 /* en */ = {isa = PBXFileReference; lastKnownFileType = text.plist.strings; name = en; path = en.lproj/Localization.strings; sourceTree = "<group>"; };
		6E274E6D25F20EA0007DC880 /* UIViewExtension.swift */ = {isa = PBXFileReference; lastKnownFileType = sourcecode.swift; path = UIViewExtension.swift; sourceTree = "<group>"; };
		6E274E7025F20EB3007DC880 /* UIColorExtension.swift */ = {isa = PBXFileReference; lastKnownFileType = sourcecode.swift; path = UIColorExtension.swift; sourceTree = "<group>"; };
		6E274E7325F20EC6007DC880 /* StringExtension.swift */ = {isa = PBXFileReference; lastKnownFileType = sourcecode.swift; path = StringExtension.swift; sourceTree = "<group>"; };
		6E274E7625F20EE4007DC880 /* UIImageViewExtension.swift */ = {isa = PBXFileReference; lastKnownFileType = sourcecode.swift; path = UIImageViewExtension.swift; sourceTree = "<group>"; };
		6E274E7925F20EF2007DC880 /* UILabelExtension.swift */ = {isa = PBXFileReference; lastKnownFileType = sourcecode.swift; path = UILabelExtension.swift; sourceTree = "<group>"; };
		6E283AF525F2047900955B57 /* seep-ios.app */ = {isa = PBXFileReference; explicitFileType = wrapper.application; includeInIndex = 0; path = "seep-ios.app"; sourceTree = BUILT_PRODUCTS_DIR; };
		6E283AF825F2047900955B57 /* AppDelegate.swift */ = {isa = PBXFileReference; lastKnownFileType = sourcecode.swift; path = AppDelegate.swift; sourceTree = "<group>"; };
		6E283AFA25F2047900955B57 /* SceneDelegate.swift */ = {isa = PBXFileReference; lastKnownFileType = sourcecode.swift; path = SceneDelegate.swift; sourceTree = "<group>"; };
		6E283AFC25F2047900955B57 /* ViewController.swift */ = {isa = PBXFileReference; lastKnownFileType = sourcecode.swift; path = ViewController.swift; sourceTree = "<group>"; };
		6E283B0125F2047A00955B57 /* Assets.xcassets */ = {isa = PBXFileReference; lastKnownFileType = folder.assetcatalog; path = Assets.xcassets; sourceTree = "<group>"; };
		6E283B0425F2047A00955B57 /* Base */ = {isa = PBXFileReference; lastKnownFileType = file.storyboard; name = Base; path = Base.lproj/LaunchScreen.storyboard; sourceTree = "<group>"; };
		6E283B0625F2047A00955B57 /* Info.plist */ = {isa = PBXFileReference; lastKnownFileType = text.plist.xml; path = Info.plist; sourceTree = "<group>"; };
		B55E8F409C2C6BD4663E990E /* Pods-seep-ios.release.xcconfig */ = {isa = PBXFileReference; includeInIndex = 1; lastKnownFileType = text.xcconfig; name = "Pods-seep-ios.release.xcconfig"; path = "Target Support Files/Pods-seep-ios/Pods-seep-ios.release.xcconfig"; sourceTree = "<group>"; };
		C5371AC00B457032AB7ECA28 /* Pods_seep_ios.framework */ = {isa = PBXFileReference; explicitFileType = wrapper.framework; includeInIndex = 0; path = Pods_seep_ios.framework; sourceTree = BUILT_PRODUCTS_DIR; };
		F35ABB390797877B295E73E8 /* Pods-seep-ios.debug.xcconfig */ = {isa = PBXFileReference; includeInIndex = 1; lastKnownFileType = text.xcconfig; name = "Pods-seep-ios.debug.xcconfig"; path = "Target Support Files/Pods-seep-ios/Pods-seep-ios.debug.xcconfig"; sourceTree = "<group>"; };
/* End PBXFileReference section */

/* Begin PBXFrameworksBuildPhase section */
		6E283AF225F2047900955B57 /* Frameworks */ = {
			isa = PBXFrameworksBuildPhase;
			buildActionMask = 2147483647;
			files = (
				57520E3E4D945BA16284EE99 /* Pods_seep_ios.framework in Frameworks */,
			);
			runOnlyForDeploymentPostprocessing = 0;
		};
/* End PBXFrameworksBuildPhase section */

/* Begin PBXGroup section */
		6E274E5325F20B1E007DC880 /* uilts */ = {
			isa = PBXGroup;
			children = (
				6E274E5425F20B31007DC880 /* AlertUtils.swift */,
				6E274E5825F20D31007DC880 /* UserDefaultsUtils.swift */,
				6E274E5C25F20D5A007DC880 /* RatioUtils.swift */,
				6E274E5F25F20D73007DC880 /* DateUtils.swift */,
			);
			path = uilts;
			sourceTree = "<group>";
		};
		6E274E6325F20E20007DC880 /* resources */ = {
			isa = PBXGroup;
			children = (
				6E274E6A25F20E3F007DC880 /* Localization.strings */,
			);
			path = resources;
			sourceTree = "<group>";
		};
		6E274E6C25F20E8E007DC880 /* extensions */ = {
			isa = PBXGroup;
			children = (
				6E274E6D25F20EA0007DC880 /* UIViewExtension.swift */,
				6E274E7025F20EB3007DC880 /* UIColorExtension.swift */,
				6E274E7325F20EC6007DC880 /* StringExtension.swift */,
				6E274E7625F20EE4007DC880 /* UIImageViewExtension.swift */,
				6E274E7925F20EF2007DC880 /* UILabelExtension.swift */,
			);
			path = extensions;
			sourceTree = "<group>";
		};
		6E283AEC25F2047900955B57 = {
			isa = PBXGroup;
			children = (
				6E283AF725F2047900955B57 /* seep-ios */,
				6E283AF625F2047900955B57 /* Products */,
				CE354C8B12BC6DA867D129DA /* Pods */,
				A59D84F56481B30FACF6A680 /* Frameworks */,
			);
			sourceTree = "<group>";
		};
		6E283AF625F2047900955B57 /* Products */ = {
			isa = PBXGroup;
			children = (
				6E283AF525F2047900955B57 /* seep-ios.app */,
			);
			name = Products;
			sourceTree = "<group>";
		};
		6E283AF725F2047900955B57 /* seep-ios */ = {
			isa = PBXGroup;
			children = (
				6E274E6C25F20E8E007DC880 /* extensions */,
				6E274E6325F20E20007DC880 /* resources */,
				6E274E5325F20B1E007DC880 /* uilts */,
				6E283AF825F2047900955B57 /* AppDelegate.swift */,
				6E283AFA25F2047900955B57 /* SceneDelegate.swift */,
				6E283AFC25F2047900955B57 /* ViewController.swift */,
				6E283B0125F2047A00955B57 /* Assets.xcassets */,
				6E283B0325F2047A00955B57 /* LaunchScreen.storyboard */,
				6E283B0625F2047A00955B57 /* Info.plist */,
			);
			path = "seep-ios";
			sourceTree = "<group>";
		};
		A59D84F56481B30FACF6A680 /* Frameworks */ = {
			isa = PBXGroup;
			children = (
				C5371AC00B457032AB7ECA28 /* Pods_seep_ios.framework */,
			);
			name = Frameworks;
			sourceTree = "<group>";
		};
		CE354C8B12BC6DA867D129DA /* Pods */ = {
			isa = PBXGroup;
			children = (
				F35ABB390797877B295E73E8 /* Pods-seep-ios.debug.xcconfig */,
				B55E8F409C2C6BD4663E990E /* Pods-seep-ios.release.xcconfig */,
			);
			path = Pods;
			sourceTree = "<group>";
		};
/* End PBXGroup section */

/* Begin PBXNativeTarget section */
		6E283AF425F2047900955B57 /* seep-ios */ = {
			isa = PBXNativeTarget;
			buildConfigurationList = 6E283B0925F2047A00955B57 /* Build configuration list for PBXNativeTarget "seep-ios" */;
			buildPhases = (
				707DC633F71B0B56CCB4B569 /* [CP] Check Pods Manifest.lock */,
				6E283AF125F2047900955B57 /* Sources */,
				6E283AF225F2047900955B57 /* Frameworks */,
				6E283AF325F2047900955B57 /* Resources */,
				F97342ADC6FF9B36E2C0A924 /* [CP] Embed Pods Frameworks */,
			);
			buildRules = (
			);
			dependencies = (
			);
			name = "seep-ios";
			productName = "seep-ios";
			productReference = 6E283AF525F2047900955B57 /* seep-ios.app */;
			productType = "com.apple.product-type.application";
		};
/* End PBXNativeTarget section */

/* Begin PBXProject section */
		6E283AED25F2047900955B57 /* Project object */ = {
			isa = PBXProject;
			attributes = {
				LastSwiftUpdateCheck = 1240;
				LastUpgradeCheck = 1240;
				TargetAttributes = {
					6E283AF425F2047900955B57 = {
						CreatedOnToolsVersion = 12.4;
					};
				};
			};
			buildConfigurationList = 6E283AF025F2047900955B57 /* Build configuration list for PBXProject "seep-ios" */;
			compatibilityVersion = "Xcode 9.3";
			developmentRegion = en;
			hasScannedForEncodings = 0;
			knownRegions = (
				en,
				Base,
			);
			mainGroup = 6E283AEC25F2047900955B57;
			productRefGroup = 6E283AF625F2047900955B57 /* Products */;
			projectDirPath = "";
			projectRoot = "";
			targets = (
				6E283AF425F2047900955B57 /* seep-ios */,
			);
		};
/* End PBXProject section */

/* Begin PBXResourcesBuildPhase section */
		6E283AF325F2047900955B57 /* Resources */ = {
			isa = PBXResourcesBuildPhase;
			buildActionMask = 2147483647;
			files = (
				6E283B0525F2047A00955B57 /* LaunchScreen.storyboard in Resources */,
				6E274E6825F20E3F007DC880 /* Localization.strings in Resources */,
				6E283B0225F2047A00955B57 /* Assets.xcassets in Resources */,
			);
			runOnlyForDeploymentPostprocessing = 0;
		};
/* End PBXResourcesBuildPhase section */

/* Begin PBXShellScriptBuildPhase section */
		707DC633F71B0B56CCB4B569 /* [CP] Check Pods Manifest.lock */ = {
			isa = PBXShellScriptBuildPhase;
			buildActionMask = 2147483647;
			files = (
			);
			inputFileListPaths = (
			);
			inputPaths = (
				"${PODS_PODFILE_DIR_PATH}/Podfile.lock",
				"${PODS_ROOT}/Manifest.lock",
			);
			name = "[CP] Check Pods Manifest.lock";
			outputFileListPaths = (
			);
			outputPaths = (
				"$(DERIVED_FILE_DIR)/Pods-seep-ios-checkManifestLockResult.txt",
			);
			runOnlyForDeploymentPostprocessing = 0;
			shellPath = /bin/sh;
			shellScript = "diff \"${PODS_PODFILE_DIR_PATH}/Podfile.lock\" \"${PODS_ROOT}/Manifest.lock\" > /dev/null\nif [ $? != 0 ] ; then\n    # print error to STDERR\n    echo \"error: The sandbox is not in sync with the Podfile.lock. Run 'pod install' or update your CocoaPods installation.\" >&2\n    exit 1\nfi\n# This output is used by Xcode 'outputs' to avoid re-running this script phase.\necho \"SUCCESS\" > \"${SCRIPT_OUTPUT_FILE_0}\"\n";
			showEnvVarsInLog = 0;
		};
		F97342ADC6FF9B36E2C0A924 /* [CP] Embed Pods Frameworks */ = {
			isa = PBXShellScriptBuildPhase;
			buildActionMask = 2147483647;
			files = (
			);
			inputFileListPaths = (
				"${PODS_ROOT}/Target Support Files/Pods-seep-ios/Pods-seep-ios-frameworks-${CONFIGURATION}-input-files.xcfilelist",
			);
			name = "[CP] Embed Pods Frameworks";
			outputFileListPaths = (
				"${PODS_ROOT}/Target Support Files/Pods-seep-ios/Pods-seep-ios-frameworks-${CONFIGURATION}-output-files.xcfilelist",
			);
			runOnlyForDeploymentPostprocessing = 0;
			shellPath = /bin/sh;
			shellScript = "\"${PODS_ROOT}/Target Support Files/Pods-seep-ios/Pods-seep-ios-frameworks.sh\"\n";
			showEnvVarsInLog = 0;
		};
/* End PBXShellScriptBuildPhase section */

/* Begin PBXSourcesBuildPhase section */
		6E283AF125F2047900955B57 /* Sources */ = {
			isa = PBXSourcesBuildPhase;
			buildActionMask = 2147483647;
			files = (
				6E274E5525F20B31007DC880 /* AlertUtils.swift in Sources */,
				6E274E5D25F20D5A007DC880 /* RatioUtils.swift in Sources */,
				6E274E7425F20EC6007DC880 /* StringExtension.swift in Sources */,
				6E283AFD25F2047900955B57 /* ViewController.swift in Sources */,
				6E274E7A25F20EF2007DC880 /* UILabelExtension.swift in Sources */,
				6E274E5925F20D31007DC880 /* UserDefaultsUtils.swift in Sources */,
				6E274E6025F20D73007DC880 /* DateUtils.swift in Sources */,
				6E274E7725F20EE4007DC880 /* UIImageViewExtension.swift in Sources */,
				6E274E7125F20EB3007DC880 /* UIColorExtension.swift in Sources */,
				6E283AF925F2047900955B57 /* AppDelegate.swift in Sources */,
				6E274E6E25F20EA0007DC880 /* UIViewExtension.swift in Sources */,
				6E283AFB25F2047900955B57 /* SceneDelegate.swift in Sources */,
			);
			runOnlyForDeploymentPostprocessing = 0;
		};
/* End PBXSourcesBuildPhase section */

/* Begin PBXVariantGroup section */
		6E274E6A25F20E3F007DC880 /* Localization.strings */ = {
			isa = PBXVariantGroup;
			children = (
				6E274E6925F20E3F007DC880 /* en */,
			);
			name = Localization.strings;
			sourceTree = "<group>";
		};
		6E283B0325F2047A00955B57 /* LaunchScreen.storyboard */ = {
			isa = PBXVariantGroup;
			children = (
				6E283B0425F2047A00955B57 /* Base */,
			);
			name = LaunchScreen.storyboard;
			sourceTree = "<group>";
		};
/* End PBXVariantGroup section */

/* Begin XCBuildConfiguration section */
		6E283B0725F2047A00955B57 /* Debug */ = {
			isa = XCBuildConfiguration;
			buildSettings = {
				ALWAYS_SEARCH_USER_PATHS = NO;
				CLANG_ANALYZER_NONNULL = YES;
				CLANG_ANALYZER_NUMBER_OBJECT_CONVERSION = YES_AGGRESSIVE;
				CLANG_CXX_LANGUAGE_STANDARD = "gnu++14";
				CLANG_CXX_LIBRARY = "libc++";
				CLANG_ENABLE_MODULES = YES;
				CLANG_ENABLE_OBJC_ARC = YES;
				CLANG_ENABLE_OBJC_WEAK = YES;
				CLANG_WARN_BLOCK_CAPTURE_AUTORELEASING = YES;
				CLANG_WARN_BOOL_CONVERSION = YES;
				CLANG_WARN_COMMA = YES;
				CLANG_WARN_CONSTANT_CONVERSION = YES;
				CLANG_WARN_DEPRECATED_OBJC_IMPLEMENTATIONS = YES;
				CLANG_WARN_DIRECT_OBJC_ISA_USAGE = YES_ERROR;
				CLANG_WARN_DOCUMENTATION_COMMENTS = YES;
				CLANG_WARN_EMPTY_BODY = YES;
				CLANG_WARN_ENUM_CONVERSION = YES;
				CLANG_WARN_INFINITE_RECURSION = YES;
				CLANG_WARN_INT_CONVERSION = YES;
				CLANG_WARN_NON_LITERAL_NULL_CONVERSION = YES;
				CLANG_WARN_OBJC_IMPLICIT_RETAIN_SELF = YES;
				CLANG_WARN_OBJC_LITERAL_CONVERSION = YES;
				CLANG_WARN_OBJC_ROOT_CLASS = YES_ERROR;
				CLANG_WARN_QUOTED_INCLUDE_IN_FRAMEWORK_HEADER = YES;
				CLANG_WARN_RANGE_LOOP_ANALYSIS = YES;
				CLANG_WARN_STRICT_PROTOTYPES = YES;
				CLANG_WARN_SUSPICIOUS_MOVE = YES;
				CLANG_WARN_UNGUARDED_AVAILABILITY = YES_AGGRESSIVE;
				CLANG_WARN_UNREACHABLE_CODE = YES;
				CLANG_WARN__DUPLICATE_METHOD_MATCH = YES;
				COPY_PHASE_STRIP = NO;
				DEBUG_INFORMATION_FORMAT = dwarf;
				ENABLE_STRICT_OBJC_MSGSEND = YES;
				ENABLE_TESTABILITY = YES;
				GCC_C_LANGUAGE_STANDARD = gnu11;
				GCC_DYNAMIC_NO_PIC = NO;
				GCC_NO_COMMON_BLOCKS = YES;
				GCC_OPTIMIZATION_LEVEL = 0;
				GCC_PREPROCESSOR_DEFINITIONS = (
					"DEBUG=1",
					"$(inherited)",
				);
				GCC_WARN_64_TO_32_BIT_CONVERSION = YES;
				GCC_WARN_ABOUT_RETURN_TYPE = YES_ERROR;
				GCC_WARN_UNDECLARED_SELECTOR = YES;
				GCC_WARN_UNINITIALIZED_AUTOS = YES_AGGRESSIVE;
				GCC_WARN_UNUSED_FUNCTION = YES;
				GCC_WARN_UNUSED_VARIABLE = YES;
				IPHONEOS_DEPLOYMENT_TARGET = 14.4;
				MTL_ENABLE_DEBUG_INFO = INCLUDE_SOURCE;
				MTL_FAST_MATH = YES;
				ONLY_ACTIVE_ARCH = YES;
				SDKROOT = iphoneos;
				SWIFT_ACTIVE_COMPILATION_CONDITIONS = DEBUG;
				SWIFT_OPTIMIZATION_LEVEL = "-Onone";
			};
			name = Debug;
		};
		6E283B0825F2047A00955B57 /* Release */ = {
			isa = XCBuildConfiguration;
			buildSettings = {
				ALWAYS_SEARCH_USER_PATHS = NO;
				CLANG_ANALYZER_NONNULL = YES;
				CLANG_ANALYZER_NUMBER_OBJECT_CONVERSION = YES_AGGRESSIVE;
				CLANG_CXX_LANGUAGE_STANDARD = "gnu++14";
				CLANG_CXX_LIBRARY = "libc++";
				CLANG_ENABLE_MODULES = YES;
				CLANG_ENABLE_OBJC_ARC = YES;
				CLANG_ENABLE_OBJC_WEAK = YES;
				CLANG_WARN_BLOCK_CAPTURE_AUTORELEASING = YES;
				CLANG_WARN_BOOL_CONVERSION = YES;
				CLANG_WARN_COMMA = YES;
				CLANG_WARN_CONSTANT_CONVERSION = YES;
				CLANG_WARN_DEPRECATED_OBJC_IMPLEMENTATIONS = YES;
				CLANG_WARN_DIRECT_OBJC_ISA_USAGE = YES_ERROR;
				CLANG_WARN_DOCUMENTATION_COMMENTS = YES;
				CLANG_WARN_EMPTY_BODY = YES;
				CLANG_WARN_ENUM_CONVERSION = YES;
				CLANG_WARN_INFINITE_RECURSION = YES;
				CLANG_WARN_INT_CONVERSION = YES;
				CLANG_WARN_NON_LITERAL_NULL_CONVERSION = YES;
				CLANG_WARN_OBJC_IMPLICIT_RETAIN_SELF = YES;
				CLANG_WARN_OBJC_LITERAL_CONVERSION = YES;
				CLANG_WARN_OBJC_ROOT_CLASS = YES_ERROR;
				CLANG_WARN_QUOTED_INCLUDE_IN_FRAMEWORK_HEADER = YES;
				CLANG_WARN_RANGE_LOOP_ANALYSIS = YES;
				CLANG_WARN_STRICT_PROTOTYPES = YES;
				CLANG_WARN_SUSPICIOUS_MOVE = YES;
				CLANG_WARN_UNGUARDED_AVAILABILITY = YES_AGGRESSIVE;
				CLANG_WARN_UNREACHABLE_CODE = YES;
				CLANG_WARN__DUPLICATE_METHOD_MATCH = YES;
				COPY_PHASE_STRIP = NO;
				DEBUG_INFORMATION_FORMAT = "dwarf-with-dsym";
				ENABLE_NS_ASSERTIONS = NO;
				ENABLE_STRICT_OBJC_MSGSEND = YES;
				GCC_C_LANGUAGE_STANDARD = gnu11;
				GCC_NO_COMMON_BLOCKS = YES;
				GCC_WARN_64_TO_32_BIT_CONVERSION = YES;
				GCC_WARN_ABOUT_RETURN_TYPE = YES_ERROR;
				GCC_WARN_UNDECLARED_SELECTOR = YES;
				GCC_WARN_UNINITIALIZED_AUTOS = YES_AGGRESSIVE;
				GCC_WARN_UNUSED_FUNCTION = YES;
				GCC_WARN_UNUSED_VARIABLE = YES;
				IPHONEOS_DEPLOYMENT_TARGET = 14.4;
				MTL_ENABLE_DEBUG_INFO = NO;
				MTL_FAST_MATH = YES;
				SDKROOT = iphoneos;
				SWIFT_COMPILATION_MODE = wholemodule;
				SWIFT_OPTIMIZATION_LEVEL = "-O";
				VALIDATE_PRODUCT = YES;
			};
			name = Release;
		};
		6E283B0A25F2047A00955B57 /* Debug */ = {
			isa = XCBuildConfiguration;
			baseConfigurationReference = F35ABB390797877B295E73E8 /* Pods-seep-ios.debug.xcconfig */;
			buildSettings = {
				ASSETCATALOG_COMPILER_APPICON_NAME = AppIcon;
				ASSETCATALOG_COMPILER_GLOBAL_ACCENT_COLOR_NAME = AccentColor;
				CODE_SIGN_STYLE = Automatic;
				DEVELOPMENT_TEAM = X975A2HM62;
				INFOPLIST_FILE = "seep-ios/Info.plist";
				IPHONEOS_DEPLOYMENT_TARGET = 14.1;
				LD_RUNPATH_SEARCH_PATHS = (
					"$(inherited)",
					"@executable_path/Frameworks",
				);
				MARKETING_VERSION = 1.0.0;
				PRODUCT_BUNDLE_IDENTIFIER = "macgongmon.seep-ios";
				PRODUCT_NAME = "$(TARGET_NAME)";
				SWIFT_VERSION = 5.0;
				TARGETED_DEVICE_FAMILY = 1;
			};
			name = Debug;
		};
		6E283B0B25F2047A00955B57 /* Release */ = {
			isa = XCBuildConfiguration;
			baseConfigurationReference = B55E8F409C2C6BD4663E990E /* Pods-seep-ios.release.xcconfig */;
			buildSettings = {
				ASSETCATALOG_COMPILER_APPICON_NAME = AppIcon;
				ASSETCATALOG_COMPILER_GLOBAL_ACCENT_COLOR_NAME = AccentColor;
				CODE_SIGN_STYLE = Automatic;
				DEVELOPMENT_TEAM = X975A2HM62;
				INFOPLIST_FILE = "seep-ios/Info.plist";
				IPHONEOS_DEPLOYMENT_TARGET = 14.1;
				LD_RUNPATH_SEARCH_PATHS = (
					"$(inherited)",
					"@executable_path/Frameworks",
				);
				MARKETING_VERSION = 1.0.0;
				PRODUCT_BUNDLE_IDENTIFIER = "macgongmon.seep-ios";
				PRODUCT_NAME = "$(TARGET_NAME)";
				SWIFT_VERSION = 5.0;
				TARGETED_DEVICE_FAMILY = 1;
			};
			name = Release;
		};
/* End XCBuildConfiguration section */

/* Begin XCConfigurationList section */
		6E283AF025F2047900955B57 /* Build configuration list for PBXProject "seep-ios" */ = {
			isa = XCConfigurationList;
			buildConfigurations = (
				6E283B0725F2047A00955B57 /* Debug */,
				6E283B0825F2047A00955B57 /* Release */,
			);
			defaultConfigurationIsVisible = 0;
			defaultConfigurationName = Release;
		};
		6E283B0925F2047A00955B57 /* Build configuration list for PBXNativeTarget "seep-ios" */ = {
			isa = XCConfigurationList;
			buildConfigurations = (
				6E283B0A25F2047A00955B57 /* Debug */,
				6E283B0B25F2047A00955B57 /* Release */,
			);
			defaultConfigurationIsVisible = 0;
			defaultConfigurationName = Release;
		};
/* End XCConfigurationList section */
	};
	rootObject = 6E283AED25F2047900955B57 /* Project object */;
}
